// !$*UTF8*$!
{
	archiveVersion = 1;
	classes = {
	};
	objectVersion = 46;
	objects = {

/* Begin PBXBuildFile section */
		BEF063B061238131C98190AE /* DishuTheme.plist in Resources */ = {isa = PBXBuildFile; fileRef = BEF06626E8CC283B801A6384 /* DishuTheme.plist */; };
		BEF069306002FA7C5CC700E1 /* DishuTheme.png in Resources */ = {isa = PBXBuildFile; fileRef = BEF060F67751233F3E1C1E86 /* DishuTheme.png */; };
		EA3E237B1B732B5100349A95 /* LWBaseKBBtn.m in Sources */ = {isa = PBXBuildFile; fileRef = EA3E235A1B732B5100349A95 /* LWBaseKBBtn.m */; };
		EA3E237C1B732B5100349A95 /* LWCharKBBtn.m in Sources */ = {isa = PBXBuildFile; fileRef = EA3E235C1B732B5100349A95 /* LWCharKBBtn.m */; };
		EA3E237D1B732B5100349A95 /* LWFullCharBtn.m in Sources */ = {isa = PBXBuildFile; fileRef = EA3E235E1B732B5100349A95 /* LWFullCharBtn.m */; };
		EA3E237E1B732B5100349A95 /* LWKeyKBBtn.m in Sources */ = {isa = PBXBuildFile; fileRef = EA3E23601B732B5100349A95 /* LWKeyKBBtn.m */; };
		EA3E237F1B732B5100349A95 /* LWNineCharBtn.m in Sources */ = {isa = PBXBuildFile; fileRef = EA3E23621B732B5100349A95 /* LWNineCharBtn.m */; };
		EA3E23801B732B5100349A95 /* LWNumCharBtn.m in Sources */ = {isa = PBXBuildFile; fileRef = EA3E23641B732B5100349A95 /* LWNumCharBtn.m */; };
		EA3E23811B732B5100349A95 /* LWLeftTabView.m in Sources */ = {isa = PBXBuildFile; fileRef = EA3E23661B732B5100349A95 /* LWLeftTabView.m */; };
		EA3E23821B732B5100349A95 /* LWNumLeftTabView.m in Sources */ = {isa = PBXBuildFile; fileRef = EA3E23681B732B5100349A95 /* LWNumLeftTabView.m */; };
		EA3E23831B732B5100349A95 /* LWPinYinLeftTabView.m in Sources */ = {isa = PBXBuildFile; fileRef = EA3E236A1B732B5100349A95 /* LWPinYinLeftTabView.m */; };
		EA3E23841B732B5100349A95 /* LWToolBar.m in Sources */ = {isa = PBXBuildFile; fileRef = EA3E236C1B732B5100349A95 /* LWToolBar.m */; };
		EA3E23851B732B5100349A95 /* LWOftenWordsPopView.m in Sources */ = {isa = PBXBuildFile; fileRef = EA3E236F1B732B5100349A95 /* LWOftenWordsPopView.m */; };
		EA3E23861B732B5100349A95 /* LWSettingPopView.m in Sources */ = {isa = PBXBuildFile; fileRef = EA3E23711B732B5100349A95 /* LWSettingPopView.m */; };
		EA3E23871B732B5100349A95 /* LWKeyboardWrap.m in Sources */ = {isa = PBXBuildFile; fileRef = EA3E23741B732B5100349A95 /* LWKeyboardWrap.m */; };
		EA3E23881B732B5100349A95 /* LWRootWrapView.m in Sources */ = {isa = PBXBuildFile; fileRef = EA3E23761B732B5100349A95 /* LWRootWrapView.m */; };
		EA3E23891B732B5100349A95 /* LWSingleHandView.m in Sources */ = {isa = PBXBuildFile; fileRef = EA3E23781B732B5100349A95 /* LWSingleHandView.m */; };
		EA3E238A1B732B5100349A95 /* LWTopView.m in Sources */ = {isa = PBXBuildFile; fileRef = EA3E237A1B732B5100349A95 /* LWTopView.m */; };
		EA3E23921B732B6800349A95 /* LWDataConfig.m in Sources */ = {isa = PBXBuildFile; fileRef = EA3E238D1B732B6800349A95 /* LWDataConfig.m */; };
		EA3E23931B732B6800349A95 /* LWKeyboardConfig.m in Sources */ = {isa = PBXBuildFile; fileRef = EA3E238F1B732B6800349A95 /* LWKeyboardConfig.m */; };
		EA3E23941B732B6800349A95 /* LWKeyboardLogic.m in Sources */ = {isa = PBXBuildFile; fileRef = EA3E23911B732B6800349A95 /* LWKeyboardLogic.m */; };
		EA3E23981B732BDC00349A95 /* MyKeyboardViewController.m in Sources */ = {isa = PBXBuildFile; fileRef = EA3E23971B732BDC00349A95 /* MyKeyboardViewController.m */; };
		EA3E23B91B732C0300349A95 /* LWHelper.m in Sources */ = {isa = PBXBuildFile; fileRef = EA3E239B1B732C0300349A95 /* LWHelper.m */; };
		EA3E23BB1B732C0300349A95 /* LWBaseKeyboard.m in Sources */ = {isa = PBXBuildFile; fileRef = EA3E23A01B732C0300349A95 /* LWBaseKeyboard.m */; };
		EA3E23BC1B732C0300349A95 /* LWEnFullKeyboard.m in Sources */ = {isa = PBXBuildFile; fileRef = EA3E23A21B732C0300349A95 /* LWEnFullKeyboard.m */; };
		EA3E23BD1B732C0300349A95 /* LWEnFullKeyboard.xib in Resources */ = {isa = PBXBuildFile; fileRef = EA3E23A31B732C0300349A95 /* LWEnFullKeyboard.xib */; };
		EA3E23BE1B732C0300349A95 /* LWNumKeyboard.m in Sources */ = {isa = PBXBuildFile; fileRef = EA3E23A51B732C0300349A95 /* LWNumKeyboard.m */; };
		EA3E23BF1B732C0300349A95 /* LWNumKeyboard.xib in Resources */ = {isa = PBXBuildFile; fileRef = EA3E23A61B732C0300349A95 /* LWNumKeyboard.xib */; };
		EA3E23C01B732C0300349A95 /* LWPinYinFullKeyboard.m in Sources */ = {isa = PBXBuildFile; fileRef = EA3E23A81B732C0300349A95 /* LWPinYinFullKeyboard.m */; };
		EA3E23C11B732C0300349A95 /* LWPinYinFullKeyboard.xib in Resources */ = {isa = PBXBuildFile; fileRef = EA3E23A91B732C0300349A95 /* LWPinYinFullKeyboard.xib */; };
		EA3E23C21B732C0300349A95 /* LWPinYinNineKeyboard.m in Sources */ = {isa = PBXBuildFile; fileRef = EA3E23AB1B732C0300349A95 /* LWPinYinNineKeyboard.m */; };
		EA3E23C31B732C0300349A95 /* LWPinYinNineKeyboard.xib in Resources */ = {isa = PBXBuildFile; fileRef = EA3E23AC1B732C0300349A95 /* LWPinYinNineKeyboard.xib */; };
		EA3E23C41B732C0300349A95 /* BubbleTheme.plist in Resources */ = {isa = PBXBuildFile; fileRef = EA3E23AF1B732C0300349A95 /* BubbleTheme.plist */; };
		EA3E23C51B732C0300349A95 /* BubbleTheme.png in Resources */ = {isa = PBXBuildFile; fileRef = EA3E23B01B732C0300349A95 /* BubbleTheme.png */; };
		EA3E23C81B732C0300349A95 /* MachineTheme.plist in Resources */ = {isa = PBXBuildFile; fileRef = EA3E23B41B732C0300349A95 /* MachineTheme.plist */; };
		EA3E23C91B732C0300349A95 /* MachineTheme.png in Resources */ = {isa = PBXBuildFile; fileRef = EA3E23B51B732C0300349A95 /* MachineTheme.png */; };
		EA3E23CA1B732C0300349A95 /* UIColor+HexValue.m in Sources */ = {isa = PBXBuildFile; fileRef = EA3E23B81B732C0300349A95 /* UIColor+HexValue.m */; };
		EA3E23CC1B73342400349A95 /* LWToolBar.xib in Resources */ = {isa = PBXBuildFile; fileRef = EA3E23CB1B73342400349A95 /* LWToolBar.xib */; };
		EA3E23CF1B733C6600349A95 /* moonlight.png in Resources */ = {isa = PBXBuildFile; fileRef = EA3E23CD1B733C6600349A95 /* moonlight.png */; };
		EA3E23D01B733C6600349A95 /* sealight.png in Resources */ = {isa = PBXBuildFile; fileRef = EA3E23CE1B733C6600349A95 /* sealight.png */; };
		EA3E23D21B73652700349A95 /* waterglass.png in Resources */ = {isa = PBXBuildFile; fileRef = EA3E23D11B73652700349A95 /* waterglass.png */; };
		EA56C0601B42E1140076EC00 /* main.m in Sources */ = {isa = PBXBuildFile; fileRef = EA56C05F1B42E1140076EC00 /* main.m */; };
		EA56C0631B42E1140076EC00 /* AppDelegate.m in Sources */ = {isa = PBXBuildFile; fileRef = EA56C0621B42E1140076EC00 /* AppDelegate.m */; };
		EA56C0661B42E1140076EC00 /* ViewController.m in Sources */ = {isa = PBXBuildFile; fileRef = EA56C0651B42E1140076EC00 /* ViewController.m */; };
		EA56C0691B42E1140076EC00 /* Main.storyboard in Resources */ = {isa = PBXBuildFile; fileRef = EA56C0671B42E1140076EC00 /* Main.storyboard */; };
		EA56C06B1B42E1140076EC00 /* Images.xcassets in Resources */ = {isa = PBXBuildFile; fileRef = EA56C06A1B42E1140076EC00 /* Images.xcassets */; };
		EA56C06E1B42E1140076EC00 /* LaunchScreen.xib in Resources */ = {isa = PBXBuildFile; fileRef = EA56C06C1B42E1140076EC00 /* LaunchScreen.xib */; };
		EA56C07A1B42E1140076EC00 /* MyInputMethodTests.m in Sources */ = {isa = PBXBuildFile; fileRef = EA56C0791B42E1140076EC00 /* MyInputMethodTests.m */; };
		EA56C0901B42E1670076EC00 /* MyKeyboard.appex in Embed App Extensions */ = {isa = PBXBuildFile; fileRef = EA56C0871B42E1670076EC00 /* MyKeyboard.appex */; settings = {ATTRIBUTES = (RemoveHeadersOnCopy, ); }; };
		EA56C0A31B42E4110076EC00 /* InfoPlist.strings in Resources */ = {isa = PBXBuildFile; fileRef = EA56C0A51B42E4110076EC00 /* InfoPlist.strings */; };
		EA56C0A71B42E4190076EC00 /* Localizable.strings in Resources */ = {isa = PBXBuildFile; fileRef = EA56C0A91B42E4190076EC00 /* Localizable.strings */; };
		EA56C0AB1B42E42A0076EC00 /* InfoPlist.strings in Resources */ = {isa = PBXBuildFile; fileRef = EA56C0AD1B42E42A0076EC00 /* InfoPlist.strings */; };
		EA56C0AE1B42E4300076EC00 /* Localizable.strings in Resources */ = {isa = PBXBuildFile; fileRef = EA56C0B01B42E4300076EC00 /* Localizable.strings */; };
		EA56C0BD1B42F1740076EC00 /* EmojiKeyboardViewController.m in Sources */ = {isa = PBXBuildFile; fileRef = EA56C0BC1B42F1740076EC00 /* EmojiKeyboardViewController.m */; };
		EA56C0C01B42F1740076EC00 /* MyEmojiKeyboard.appex in Embed App Extensions */ = {isa = PBXBuildFile; fileRef = EA56C0B71B42F1740076EC00 /* MyEmojiKeyboard.appex */; settings = {ATTRIBUTES = (RemoveHeadersOnCopy, ); }; };
		EA56C0C81B42F1F00076EC00 /* InfoPlist.strings in Resources */ = {isa = PBXBuildFile; fileRef = EA56C0CA1B42F1F00076EC00 /* InfoPlist.strings */; };
		EA56C0CC1B42F1F60076EC00 /* Localizable.strings in Resources */ = {isa = PBXBuildFile; fileRef = EA56C0CE1B42F1F60076EC00 /* Localizable.strings */; };
		EAFB53841B46A1700076DAA7 /* Images.xcassets in Resources */ = {isa = PBXBuildFile; fileRef = EAFB53831B46A1700076DAA7 /* Images.xcassets */; };
/* End PBXBuildFile section */

/* Begin PBXContainerItemProxy section */
		EA56C0741B42E1140076EC00 /* PBXContainerItemProxy */ = {
			isa = PBXContainerItemProxy;
			containerPortal = EA56C0521B42E1140076EC00 /* Project object */;
			proxyType = 1;
			remoteGlobalIDString = EA56C0591B42E1140076EC00;
			remoteInfo = MyInputMethod;
		};
		EA56C08E1B42E1670076EC00 /* PBXContainerItemProxy */ = {
			isa = PBXContainerItemProxy;
			containerPortal = EA56C0521B42E1140076EC00 /* Project object */;
			proxyType = 1;
			remoteGlobalIDString = EA56C0861B42E1670076EC00;
			remoteInfo = MyKeyboard;
		};
		EA56C0BE1B42F1740076EC00 /* PBXContainerItemProxy */ = {
			isa = PBXContainerItemProxy;
			containerPortal = EA56C0521B42E1140076EC00 /* Project object */;
			proxyType = 1;
			remoteGlobalIDString = EA56C0B61B42F1740076EC00;
			remoteInfo = MyEmojiKeyboard;
		};
/* End PBXContainerItemProxy section */

/* Begin PBXCopyFilesBuildPhase section */
		EA56C0941B42E1670076EC00 /* Embed App Extensions */ = {
			isa = PBXCopyFilesBuildPhase;
			buildActionMask = 2147483647;
			dstPath = "";
			dstSubfolderSpec = 13;
			files = (
				EA56C0C01B42F1740076EC00 /* MyEmojiKeyboard.appex in Embed App Extensions */,
				EA56C0901B42E1670076EC00 /* MyKeyboard.appex in Embed App Extensions */,
			);
			name = "Embed App Extensions";
			runOnlyForDeploymentPostprocessing = 0;
		};
/* End PBXCopyFilesBuildPhase section */

/* Begin PBXFileReference section */
		BEF060F67751233F3E1C1E86 /* DishuTheme.png */ = {isa = PBXFileReference; lastKnownFileType = image.png; path = DishuTheme.png; sourceTree = "<group>"; };
		BEF06626E8CC283B801A6384 /* DishuTheme.plist */ = {isa = PBXFileReference; fileEncoding = 4; lastKnownFileType = text.plist; path = DishuTheme.plist; sourceTree = "<group>"; };
		BEF06C2913B1D37966CFAD2E /* README.md */ = {isa = PBXFileReference; lastKnownFileType = file.md; path = README.md; sourceTree = "<group>"; };
		BEF06E888D0180F5B2E41D1A /* doc */ = {isa = PBXFileReference; fileEncoding = 4; lastKnownFileType = folder; path = doc; sourceTree = "<group>"; };
		EA3E23591B732B5100349A95 /* LWBaseKBBtn.h */ = {isa = PBXFileReference; fileEncoding = 4; lastKnownFileType = sourcecode.c.h; path = LWBaseKBBtn.h; sourceTree = "<group>"; };
		EA3E235A1B732B5100349A95 /* LWBaseKBBtn.m */ = {isa = PBXFileReference; fileEncoding = 4; lastKnownFileType = sourcecode.c.objc; path = LWBaseKBBtn.m; sourceTree = "<group>"; };
		EA3E235B1B732B5100349A95 /* LWCharKBBtn.h */ = {isa = PBXFileReference; fileEncoding = 4; lastKnownFileType = sourcecode.c.h; path = LWCharKBBtn.h; sourceTree = "<group>"; };
		EA3E235C1B732B5100349A95 /* LWCharKBBtn.m */ = {isa = PBXFileReference; fileEncoding = 4; lastKnownFileType = sourcecode.c.objc; path = LWCharKBBtn.m; sourceTree = "<group>"; };
		EA3E235D1B732B5100349A95 /* LWFullCharBtn.h */ = {isa = PBXFileReference; fileEncoding = 4; lastKnownFileType = sourcecode.c.h; path = LWFullCharBtn.h; sourceTree = "<group>"; };
		EA3E235E1B732B5100349A95 /* LWFullCharBtn.m */ = {isa = PBXFileReference; fileEncoding = 4; lastKnownFileType = sourcecode.c.objc; path = LWFullCharBtn.m; sourceTree = "<group>"; };
		EA3E235F1B732B5100349A95 /* LWKeyKBBtn.h */ = {isa = PBXFileReference; fileEncoding = 4; lastKnownFileType = sourcecode.c.h; path = LWKeyKBBtn.h; sourceTree = "<group>"; };
		EA3E23601B732B5100349A95 /* LWKeyKBBtn.m */ = {isa = PBXFileReference; fileEncoding = 4; lastKnownFileType = sourcecode.c.objc; path = LWKeyKBBtn.m; sourceTree = "<group>"; };
		EA3E23611B732B5100349A95 /* LWNineCharBtn.h */ = {isa = PBXFileReference; fileEncoding = 4; lastKnownFileType = sourcecode.c.h; path = LWNineCharBtn.h; sourceTree = "<group>"; };
		EA3E23621B732B5100349A95 /* LWNineCharBtn.m */ = {isa = PBXFileReference; fileEncoding = 4; lastKnownFileType = sourcecode.c.objc; path = LWNineCharBtn.m; sourceTree = "<group>"; };
		EA3E23631B732B5100349A95 /* LWNumCharBtn.h */ = {isa = PBXFileReference; fileEncoding = 4; lastKnownFileType = sourcecode.c.h; path = LWNumCharBtn.h; sourceTree = "<group>"; };
		EA3E23641B732B5100349A95 /* LWNumCharBtn.m */ = {isa = PBXFileReference; fileEncoding = 4; lastKnownFileType = sourcecode.c.objc; path = LWNumCharBtn.m; sourceTree = "<group>"; };
		EA3E23651B732B5100349A95 /* LWLeftTabView.h */ = {isa = PBXFileReference; fileEncoding = 4; lastKnownFileType = sourcecode.c.h; path = LWLeftTabView.h; sourceTree = "<group>"; };
		EA3E23661B732B5100349A95 /* LWLeftTabView.m */ = {isa = PBXFileReference; fileEncoding = 4; lastKnownFileType = sourcecode.c.objc; path = LWLeftTabView.m; sourceTree = "<group>"; };
		EA3E23671B732B5100349A95 /* LWNumLeftTabView.h */ = {isa = PBXFileReference; fileEncoding = 4; lastKnownFileType = sourcecode.c.h; path = LWNumLeftTabView.h; sourceTree = "<group>"; };
		EA3E23681B732B5100349A95 /* LWNumLeftTabView.m */ = {isa = PBXFileReference; fileEncoding = 4; lastKnownFileType = sourcecode.c.objc; path = LWNumLeftTabView.m; sourceTree = "<group>"; };
		EA3E23691B732B5100349A95 /* LWPinYinLeftTabView.h */ = {isa = PBXFileReference; fileEncoding = 4; lastKnownFileType = sourcecode.c.h; path = LWPinYinLeftTabView.h; sourceTree = "<group>"; };
		EA3E236A1B732B5100349A95 /* LWPinYinLeftTabView.m */ = {isa = PBXFileReference; fileEncoding = 4; lastKnownFileType = sourcecode.c.objc; path = LWPinYinLeftTabView.m; sourceTree = "<group>"; };
		EA3E236B1B732B5100349A95 /* LWToolBar.h */ = {isa = PBXFileReference; fileEncoding = 4; lastKnownFileType = sourcecode.c.h; path = LWToolBar.h; sourceTree = "<group>"; };
		EA3E236C1B732B5100349A95 /* LWToolBar.m */ = {isa = PBXFileReference; fileEncoding = 4; lastKnownFileType = sourcecode.c.objc; path = LWToolBar.m; sourceTree = "<group>"; };
		EA3E236E1B732B5100349A95 /* LWOftenWordsPopView.h */ = {isa = PBXFileReference; fileEncoding = 4; lastKnownFileType = sourcecode.c.h; path = LWOftenWordsPopView.h; sourceTree = "<group>"; };
		EA3E236F1B732B5100349A95 /* LWOftenWordsPopView.m */ = {isa = PBXFileReference; fileEncoding = 4; lastKnownFileType = sourcecode.c.objc; path = LWOftenWordsPopView.m; sourceTree = "<group>"; };
		EA3E23701B732B5100349A95 /* LWSettingPopView.h */ = {isa = PBXFileReference; fileEncoding = 4; lastKnownFileType = sourcecode.c.h; path = LWSettingPopView.h; sourceTree = "<group>"; };
		EA3E23711B732B5100349A95 /* LWSettingPopView.m */ = {isa = PBXFileReference; fileEncoding = 4; lastKnownFileType = sourcecode.c.objc; path = LWSettingPopView.m; sourceTree = "<group>"; };
		EA3E23731B732B5100349A95 /* LWKeyboardWrap.h */ = {isa = PBXFileReference; fileEncoding = 4; lastKnownFileType = sourcecode.c.h; path = LWKeyboardWrap.h; sourceTree = "<group>"; };
		EA3E23741B732B5100349A95 /* LWKeyboardWrap.m */ = {isa = PBXFileReference; fileEncoding = 4; lastKnownFileType = sourcecode.c.objc; path = LWKeyboardWrap.m; sourceTree = "<group>"; };
		EA3E23751B732B5100349A95 /* LWRootWrapView.h */ = {isa = PBXFileReference; fileEncoding = 4; lastKnownFileType = sourcecode.c.h; path = LWRootWrapView.h; sourceTree = "<group>"; };
		EA3E23761B732B5100349A95 /* LWRootWrapView.m */ = {isa = PBXFileReference; fileEncoding = 4; lastKnownFileType = sourcecode.c.objc; path = LWRootWrapView.m; sourceTree = "<group>"; };
		EA3E23771B732B5100349A95 /* LWSingleHandView.h */ = {isa = PBXFileReference; fileEncoding = 4; lastKnownFileType = sourcecode.c.h; path = LWSingleHandView.h; sourceTree = "<group>"; };
		EA3E23781B732B5100349A95 /* LWSingleHandView.m */ = {isa = PBXFileReference; fileEncoding = 4; lastKnownFileType = sourcecode.c.objc; path = LWSingleHandView.m; sourceTree = "<group>"; };
		EA3E23791B732B5100349A95 /* LWTopView.h */ = {isa = PBXFileReference; fileEncoding = 4; lastKnownFileType = sourcecode.c.h; path = LWTopView.h; sourceTree = "<group>"; };
		EA3E237A1B732B5100349A95 /* LWTopView.m */ = {isa = PBXFileReference; fileEncoding = 4; lastKnownFileType = sourcecode.c.objc; path = LWTopView.m; sourceTree = "<group>"; };
		EA3E238C1B732B6800349A95 /* LWDataConfig.h */ = {isa = PBXFileReference; fileEncoding = 4; lastKnownFileType = sourcecode.c.h; path = LWDataConfig.h; sourceTree = "<group>"; };
		EA3E238D1B732B6800349A95 /* LWDataConfig.m */ = {isa = PBXFileReference; fileEncoding = 4; lastKnownFileType = sourcecode.c.objc; path = LWDataConfig.m; sourceTree = "<group>"; };
		EA3E238E1B732B6800349A95 /* LWKeyboardConfig.h */ = {isa = PBXFileReference; fileEncoding = 4; lastKnownFileType = sourcecode.c.h; path = LWKeyboardConfig.h; sourceTree = "<group>"; };
		EA3E238F1B732B6800349A95 /* LWKeyboardConfig.m */ = {isa = PBXFileReference; fileEncoding = 4; lastKnownFileType = sourcecode.c.objc; path = LWKeyboardConfig.m; sourceTree = "<group>"; };
		EA3E23901B732B6800349A95 /* LWKeyboardLogic.h */ = {isa = PBXFileReference; fileEncoding = 4; lastKnownFileType = sourcecode.c.h; path = LWKeyboardLogic.h; sourceTree = "<group>"; };
		EA3E23911B732B6800349A95 /* LWKeyboardLogic.m */ = {isa = PBXFileReference; fileEncoding = 4; lastKnownFileType = sourcecode.c.objc; path = LWKeyboardLogic.m; sourceTree = "<group>"; };
		EA3E23951B732B8E00349A95 /* LWDefines.h */ = {isa = PBXFileReference; fileEncoding = 4; lastKnownFileType = sourcecode.c.h; name = LWDefines.h; path = MyKeyboard/LWDefines.h; sourceTree = "<group>"; };
		EA3E23961B732BDC00349A95 /* MyKeyboardViewController.h */ = {isa = PBXFileReference; fileEncoding = 4; lastKnownFileType = sourcecode.c.h; name = MyKeyboardViewController.h; path = MyKeyboard/MyKeyboardViewController.h; sourceTree = "<group>"; };
		EA3E23971B732BDC00349A95 /* MyKeyboardViewController.m */ = {isa = PBXFileReference; fileEncoding = 4; lastKnownFileType = sourcecode.c.objc; name = MyKeyboardViewController.m; path = MyKeyboard/MyKeyboardViewController.m; sourceTree = "<group>"; };
		EA3E239A1B732C0300349A95 /* LWHelper.h */ = {isa = PBXFileReference; fileEncoding = 4; lastKnownFileType = sourcecode.c.h; path = LWHelper.h; sourceTree = "<group>"; };
		EA3E239B1B732C0300349A95 /* LWHelper.m */ = {isa = PBXFileReference; fileEncoding = 4; lastKnownFileType = sourcecode.c.objc; path = LWHelper.m; sourceTree = "<group>"; };
		EA3E239F1B732C0300349A95 /* LWBaseKeyboard.h */ = {isa = PBXFileReference; fileEncoding = 4; lastKnownFileType = sourcecode.c.h; path = LWBaseKeyboard.h; sourceTree = "<group>"; };
		EA3E23A01B732C0300349A95 /* LWBaseKeyboard.m */ = {isa = PBXFileReference; fileEncoding = 4; lastKnownFileType = sourcecode.c.objc; path = LWBaseKeyboard.m; sourceTree = "<group>"; };
		EA3E23A11B732C0300349A95 /* LWEnFullKeyboard.h */ = {isa = PBXFileReference; fileEncoding = 4; lastKnownFileType = sourcecode.c.h; path = LWEnFullKeyboard.h; sourceTree = "<group>"; };
		EA3E23A21B732C0300349A95 /* LWEnFullKeyboard.m */ = {isa = PBXFileReference; fileEncoding = 4; lastKnownFileType = sourcecode.c.objc; path = LWEnFullKeyboard.m; sourceTree = "<group>"; };
		EA3E23A31B732C0300349A95 /* LWEnFullKeyboard.xib */ = {isa = PBXFileReference; fileEncoding = 4; lastKnownFileType = file.xib; path = LWEnFullKeyboard.xib; sourceTree = "<group>"; };
		EA3E23A41B732C0300349A95 /* LWNumKeyboard.h */ = {isa = PBXFileReference; fileEncoding = 4; lastKnownFileType = sourcecode.c.h; path = LWNumKeyboard.h; sourceTree = "<group>"; };
		EA3E23A51B732C0300349A95 /* LWNumKeyboard.m */ = {isa = PBXFileReference; fileEncoding = 4; lastKnownFileType = sourcecode.c.objc; path = LWNumKeyboard.m; sourceTree = "<group>"; };
		EA3E23A61B732C0300349A95 /* LWNumKeyboard.xib */ = {isa = PBXFileReference; fileEncoding = 4; lastKnownFileType = file.xib; path = LWNumKeyboard.xib; sourceTree = "<group>"; };
		EA3E23A71B732C0300349A95 /* LWPinYinFullKeyboard.h */ = {isa = PBXFileReference; fileEncoding = 4; lastKnownFileType = sourcecode.c.h; path = LWPinYinFullKeyboard.h; sourceTree = "<group>"; };
		EA3E23A81B732C0300349A95 /* LWPinYinFullKeyboard.m */ = {isa = PBXFileReference; fileEncoding = 4; lastKnownFileType = sourcecode.c.objc; path = LWPinYinFullKeyboard.m; sourceTree = "<group>"; };
		EA3E23A91B732C0300349A95 /* LWPinYinFullKeyboard.xib */ = {isa = PBXFileReference; fileEncoding = 4; lastKnownFileType = file.xib; path = LWPinYinFullKeyboard.xib; sourceTree = "<group>"; };
		EA3E23AA1B732C0300349A95 /* LWPinYinNineKeyboard.h */ = {isa = PBXFileReference; fileEncoding = 4; lastKnownFileType = sourcecode.c.h; path = LWPinYinNineKeyboard.h; sourceTree = "<group>"; };
		EA3E23AB1B732C0300349A95 /* LWPinYinNineKeyboard.m */ = {isa = PBXFileReference; fileEncoding = 4; lastKnownFileType = sourcecode.c.objc; path = LWPinYinNineKeyboard.m; sourceTree = "<group>"; };
		EA3E23AC1B732C0300349A95 /* LWPinYinNineKeyboard.xib */ = {isa = PBXFileReference; fileEncoding = 4; lastKnownFileType = file.xib; path = LWPinYinNineKeyboard.xib; sourceTree = "<group>"; };
		EA3E23AF1B732C0300349A95 /* BubbleTheme.plist */ = {isa = PBXFileReference; fileEncoding = 4; lastKnownFileType = text.plist.xml; path = BubbleTheme.plist; sourceTree = "<group>"; };
		EA3E23B01B732C0300349A95 /* BubbleTheme.png */ = {isa = PBXFileReference; lastKnownFileType = image.png; path = BubbleTheme.png; sourceTree = "<group>"; };
		EA3E23B41B732C0300349A95 /* MachineTheme.plist */ = {isa = PBXFileReference; fileEncoding = 4; lastKnownFileType = text.plist.xml; path = MachineTheme.plist; sourceTree = "<group>"; };
		EA3E23B51B732C0300349A95 /* MachineTheme.png */ = {isa = PBXFileReference; lastKnownFileType = image.png; path = MachineTheme.png; sourceTree = "<group>"; };
		EA3E23B71B732C0300349A95 /* UIColor+HexValue.h */ = {isa = PBXFileReference; fileEncoding = 4; lastKnownFileType = sourcecode.c.h; path = "UIColor+HexValue.h"; sourceTree = "<group>"; };
		EA3E23B81B732C0300349A95 /* UIColor+HexValue.m */ = {isa = PBXFileReference; fileEncoding = 4; lastKnownFileType = sourcecode.c.objc; path = "UIColor+HexValue.m"; sourceTree = "<group>"; };
		EA3E23CB1B73342400349A95 /* LWToolBar.xib */ = {isa = PBXFileReference; fileEncoding = 4; lastKnownFileType = file.xib; path = LWToolBar.xib; sourceTree = "<group>"; };
		EA3E23CD1B733C6600349A95 /* moonlight.png */ = {isa = PBXFileReference; lastKnownFileType = image.png; path = moonlight.png; sourceTree = "<group>"; };
		EA3E23CE1B733C6600349A95 /* sealight.png */ = {isa = PBXFileReference; lastKnownFileType = image.png; path = sealight.png; sourceTree = "<group>"; };
		EA3E23D11B73652700349A95 /* waterglass.png */ = {isa = PBXFileReference; lastKnownFileType = image.png; path = waterglass.png; sourceTree = "<group>"; };
		EA56C05A1B42E1140076EC00 /* MyInputMethod.app */ = {isa = PBXFileReference; explicitFileType = wrapper.application; includeInIndex = 0; path = MyInputMethod.app; sourceTree = BUILT_PRODUCTS_DIR; };
		EA56C05E1B42E1140076EC00 /* Info.plist */ = {isa = PBXFileReference; lastKnownFileType = text.plist.xml; path = Info.plist; sourceTree = "<group>"; };
		EA56C05F1B42E1140076EC00 /* main.m */ = {isa = PBXFileReference; lastKnownFileType = sourcecode.c.objc; path = main.m; sourceTree = "<group>"; };
		EA56C0611B42E1140076EC00 /* AppDelegate.h */ = {isa = PBXFileReference; lastKnownFileType = sourcecode.c.h; path = AppDelegate.h; sourceTree = "<group>"; };
		EA56C0621B42E1140076EC00 /* AppDelegate.m */ = {isa = PBXFileReference; lastKnownFileType = sourcecode.c.objc; path = AppDelegate.m; sourceTree = "<group>"; };
		EA56C0641B42E1140076EC00 /* ViewController.h */ = {isa = PBXFileReference; lastKnownFileType = sourcecode.c.h; path = ViewController.h; sourceTree = "<group>"; };
		EA56C0651B42E1140076EC00 /* ViewController.m */ = {isa = PBXFileReference; lastKnownFileType = sourcecode.c.objc; path = ViewController.m; sourceTree = "<group>"; };
		EA56C0681B42E1140076EC00 /* Base */ = {isa = PBXFileReference; lastKnownFileType = file.storyboard; name = Base; path = Base.lproj/Main.storyboard; sourceTree = "<group>"; };
		EA56C06A1B42E1140076EC00 /* Images.xcassets */ = {isa = PBXFileReference; lastKnownFileType = folder.assetcatalog; path = Images.xcassets; sourceTree = "<group>"; };
		EA56C06D1B42E1140076EC00 /* Base */ = {isa = PBXFileReference; lastKnownFileType = file.xib; name = Base; path = Base.lproj/LaunchScreen.xib; sourceTree = "<group>"; };
		EA56C0731B42E1140076EC00 /* MyInputMethodTests.xctest */ = {isa = PBXFileReference; explicitFileType = wrapper.cfbundle; includeInIndex = 0; path = MyInputMethodTests.xctest; sourceTree = BUILT_PRODUCTS_DIR; };
		EA56C0781B42E1140076EC00 /* Info.plist */ = {isa = PBXFileReference; lastKnownFileType = text.plist.xml; path = Info.plist; sourceTree = "<group>"; };
		EA56C0791B42E1140076EC00 /* MyInputMethodTests.m */ = {isa = PBXFileReference; lastKnownFileType = sourcecode.c.objc; path = MyInputMethodTests.m; sourceTree = "<group>"; };
		EA56C0871B42E1670076EC00 /* MyKeyboard.appex */ = {isa = PBXFileReference; explicitFileType = "wrapper.app-extension"; includeInIndex = 0; path = MyKeyboard.appex; sourceTree = BUILT_PRODUCTS_DIR; };
		EA56C08A1B42E1670076EC00 /* Info.plist */ = {isa = PBXFileReference; lastKnownFileType = text.plist.xml; path = Info.plist; sourceTree = "<group>"; };
		EA56C0951B42E1AF0076EC00 /* MyKeyboard.entitlements */ = {isa = PBXFileReference; lastKnownFileType = text.xml; name = MyKeyboard.entitlements; path = MyKeyboard/MyKeyboard.entitlements; sourceTree = "<group>"; };
		EA56C0961B42E20F0076EC00 /* MyInputMethod.entitlements */ = {isa = PBXFileReference; lastKnownFileType = text.xml; path = MyInputMethod.entitlements; sourceTree = "<group>"; };
		EA56C0A01B42E3ED0076EC00 /* en */ = {isa = PBXFileReference; lastKnownFileType = text.plist.strings; name = en; path = en.lproj/Main.strings; sourceTree = "<group>"; };
		EA56C0A21B42E3F80076EC00 /* en */ = {isa = PBXFileReference; lastKnownFileType = text.plist.strings; name = en; path = en.lproj/LaunchScreen.strings; sourceTree = "<group>"; };
		EA56C0A41B42E4110076EC00 /* Base */ = {isa = PBXFileReference; lastKnownFileType = text.plist.strings; name = Base; path = Base.lproj/InfoPlist.strings; sourceTree = "<group>"; };
		EA56C0A61B42E4150076EC00 /* en */ = {isa = PBXFileReference; lastKnownFileType = text.plist.strings; name = en; path = en.lproj/InfoPlist.strings; sourceTree = "<group>"; };
		EA56C0A81B42E4190076EC00 /* Base */ = {isa = PBXFileReference; lastKnownFileType = text.plist.strings; name = Base; path = Base.lproj/Localizable.strings; sourceTree = "<group>"; };
		EA56C0AA1B42E41A0076EC00 /* en */ = {isa = PBXFileReference; lastKnownFileType = text.plist.strings; name = en; path = en.lproj/Localizable.strings; sourceTree = "<group>"; };
		EA56C0AC1B42E42A0076EC00 /* Base */ = {isa = PBXFileReference; lastKnownFileType = text.plist.strings; name = Base; path = Base.lproj/InfoPlist.strings; sourceTree = "<group>"; };
		EA56C0AF1B42E4300076EC00 /* Base */ = {isa = PBXFileReference; lastKnownFileType = text.plist.strings; name = Base; path = Base.lproj/Localizable.strings; sourceTree = "<group>"; };
		EA56C0B11B42E4330076EC00 /* en */ = {isa = PBXFileReference; lastKnownFileType = text.plist.strings; name = en; path = en.lproj/Localizable.strings; sourceTree = "<group>"; };
		EA56C0B21B42E4370076EC00 /* en */ = {isa = PBXFileReference; lastKnownFileType = text.plist.strings; name = en; path = en.lproj/InfoPlist.strings; sourceTree = "<group>"; };
		EA56C0B71B42F1740076EC00 /* MyEmojiKeyboard.appex */ = {isa = PBXFileReference; explicitFileType = "wrapper.app-extension"; includeInIndex = 0; path = MyEmojiKeyboard.appex; sourceTree = BUILT_PRODUCTS_DIR; };
		EA56C0BA1B42F1740076EC00 /* Info.plist */ = {isa = PBXFileReference; lastKnownFileType = text.plist.xml; path = Info.plist; sourceTree = "<group>"; };
		EA56C0BB1B42F1740076EC00 /* EmojiKeyboardViewController.h */ = {isa = PBXFileReference; lastKnownFileType = sourcecode.c.h; path = EmojiKeyboardViewController.h; sourceTree = "<group>"; };
		EA56C0BC1B42F1740076EC00 /* EmojiKeyboardViewController.m */ = {isa = PBXFileReference; lastKnownFileType = sourcecode.c.objc; path = EmojiKeyboardViewController.m; sourceTree = "<group>"; };
		EA56C0C91B42F1F00076EC00 /* Base */ = {isa = PBXFileReference; lastKnownFileType = text.plist.strings; name = Base; path = Base.lproj/InfoPlist.strings; sourceTree = "<group>"; };
		EA56C0CB1B42F1F20076EC00 /* en */ = {isa = PBXFileReference; lastKnownFileType = text.plist.strings; name = en; path = en.lproj/InfoPlist.strings; sourceTree = "<group>"; };
		EA56C0CD1B42F1F60076EC00 /* Base */ = {isa = PBXFileReference; lastKnownFileType = text.plist.strings; name = Base; path = Base.lproj/Localizable.strings; sourceTree = "<group>"; };
		EA56C0CF1B42F1F70076EC00 /* en */ = {isa = PBXFileReference; lastKnownFileType = text.plist.strings; name = en; path = en.lproj/Localizable.strings; sourceTree = "<group>"; };
		EA56C0D01B42F2480076EC00 /* MyEmojiKeyboard.entitlements */ = {isa = PBXFileReference; lastKnownFileType = text.xml; path = MyEmojiKeyboard.entitlements; sourceTree = "<group>"; };
		EAFB53831B46A1700076DAA7 /* Images.xcassets */ = {isa = PBXFileReference; lastKnownFileType = folder.assetcatalog; name = Images.xcassets; path = MyKeyboard/Images.xcassets; sourceTree = "<group>"; };
/* End PBXFileReference section */

/* Begin PBXFrameworksBuildPhase section */
		EA56C0571B42E1140076EC00 /* Frameworks */ = {
			isa = PBXFrameworksBuildPhase;
			buildActionMask = 2147483647;
			files = (
			);
			runOnlyForDeploymentPostprocessing = 0;
		};
		EA56C0701B42E1140076EC00 /* Frameworks */ = {
			isa = PBXFrameworksBuildPhase;
			buildActionMask = 2147483647;
			files = (
			);
			runOnlyForDeploymentPostprocessing = 0;
		};
		EA56C0841B42E1670076EC00 /* Frameworks */ = {
			isa = PBXFrameworksBuildPhase;
			buildActionMask = 2147483647;
			files = (
			);
			runOnlyForDeploymentPostprocessing = 0;
		};
		EA56C0B41B42F1740076EC00 /* Frameworks */ = {
			isa = PBXFrameworksBuildPhase;
			buildActionMask = 2147483647;
			files = (
			);
			runOnlyForDeploymentPostprocessing = 0;
		};
/* End PBXFrameworksBuildPhase section */

/* Begin PBXGroup section */
		BEF06B7F63B98F1B23953992 /* DishuTheme */ = {
			isa = PBXGroup;
			children = (
				BEF06626E8CC283B801A6384 /* DishuTheme.plist */,
				BEF060F67751233F3E1C1E86 /* DishuTheme.png */,
			);
			path = DishuTheme;
			sourceTree = "<group>";
		};
		EA3E23571B732B5100349A95 /* CustomViews */ = {
			isa = PBXGroup;
			children = (
				EA3E236D1B732B5100349A95 /* PopViews */,
				EA3E23581B732B5100349A95 /* KBBtn */,
				EA3E23721B732B5100349A95 /* WrapViews */,
				EA3E23651B732B5100349A95 /* LWLeftTabView.h */,
				EA3E23661B732B5100349A95 /* LWLeftTabView.m */,
				EA3E23671B732B5100349A95 /* LWNumLeftTabView.h */,
				EA3E23681B732B5100349A95 /* LWNumLeftTabView.m */,
				EA3E23691B732B5100349A95 /* LWPinYinLeftTabView.h */,
				EA3E236A1B732B5100349A95 /* LWPinYinLeftTabView.m */,
				EA3E236B1B732B5100349A95 /* LWToolBar.h */,
				EA3E236C1B732B5100349A95 /* LWToolBar.m */,
				EA3E23CB1B73342400349A95 /* LWToolBar.xib */,
			);
			path = CustomViews;
			sourceTree = "<group>";
		};
		EA3E23581B732B5100349A95 /* KBBtn */ = {
			isa = PBXGroup;
			children = (
				EA3E23591B732B5100349A95 /* LWBaseKBBtn.h */,
				EA3E235A1B732B5100349A95 /* LWBaseKBBtn.m */,
				EA3E235B1B732B5100349A95 /* LWCharKBBtn.h */,
				EA3E235C1B732B5100349A95 /* LWCharKBBtn.m */,
				EA3E235D1B732B5100349A95 /* LWFullCharBtn.h */,
				EA3E235E1B732B5100349A95 /* LWFullCharBtn.m */,
				EA3E235F1B732B5100349A95 /* LWKeyKBBtn.h */,
				EA3E23601B732B5100349A95 /* LWKeyKBBtn.m */,
				EA3E23611B732B5100349A95 /* LWNineCharBtn.h */,
				EA3E23621B732B5100349A95 /* LWNineCharBtn.m */,
				EA3E23631B732B5100349A95 /* LWNumCharBtn.h */,
				EA3E23641B732B5100349A95 /* LWNumCharBtn.m */,
			);
			path = KBBtn;
			sourceTree = "<group>";
		};
		EA3E236D1B732B5100349A95 /* PopViews */ = {
			isa = PBXGroup;
			children = (
				EA3E236E1B732B5100349A95 /* LWOftenWordsPopView.h */,
				EA3E236F1B732B5100349A95 /* LWOftenWordsPopView.m */,
				EA3E23701B732B5100349A95 /* LWSettingPopView.h */,
				EA3E23711B732B5100349A95 /* LWSettingPopView.m */,
			);
			path = PopViews;
			sourceTree = "<group>";
		};
		EA3E23721B732B5100349A95 /* WrapViews */ = {
			isa = PBXGroup;
			children = (
				EA3E23731B732B5100349A95 /* LWKeyboardWrap.h */,
				EA3E23741B732B5100349A95 /* LWKeyboardWrap.m */,
				EA3E23751B732B5100349A95 /* LWRootWrapView.h */,
				EA3E23761B732B5100349A95 /* LWRootWrapView.m */,
				EA3E23771B732B5100349A95 /* LWSingleHandView.h */,
				EA3E23781B732B5100349A95 /* LWSingleHandView.m */,
				EA3E23791B732B5100349A95 /* LWTopView.h */,
				EA3E237A1B732B5100349A95 /* LWTopView.m */,
			);
			path = WrapViews;
			sourceTree = "<group>";
		};
		EA3E238B1B732B6800349A95 /* DataManage */ = {
			isa = PBXGroup;
			children = (
				EA3E238C1B732B6800349A95 /* LWDataConfig.h */,
				EA3E238D1B732B6800349A95 /* LWDataConfig.m */,
				EA3E238E1B732B6800349A95 /* LWKeyboardConfig.h */,
				EA3E238F1B732B6800349A95 /* LWKeyboardConfig.m */,
				EA3E23901B732B6800349A95 /* LWKeyboardLogic.h */,
				EA3E23911B732B6800349A95 /* LWKeyboardLogic.m */,
			);
			path = DataManage;
			sourceTree = "<group>";
		};
		EA3E23991B732C0300349A95 /* Common */ = {
			isa = PBXGroup;
			children = (
				EA3E239A1B732C0300349A95 /* LWHelper.h */,
				EA3E239B1B732C0300349A95 /* LWHelper.m */,
			);
			path = Common;
			sourceTree = "<group>";
		};
		EA3E239E1B732C0300349A95 /* Keyboard */ = {
			isa = PBXGroup;
			children = (
				EA3E239F1B732C0300349A95 /* LWBaseKeyboard.h */,
				EA3E23A01B732C0300349A95 /* LWBaseKeyboard.m */,
				EA3E23A11B732C0300349A95 /* LWEnFullKeyboard.h */,
				EA3E23A21B732C0300349A95 /* LWEnFullKeyboard.m */,
				EA3E23A31B732C0300349A95 /* LWEnFullKeyboard.xib */,
				EA3E23A41B732C0300349A95 /* LWNumKeyboard.h */,
				EA3E23A51B732C0300349A95 /* LWNumKeyboard.m */,
				EA3E23A61B732C0300349A95 /* LWNumKeyboard.xib */,
				EA3E23A71B732C0300349A95 /* LWPinYinFullKeyboard.h */,
				EA3E23A81B732C0300349A95 /* LWPinYinFullKeyboard.m */,
				EA3E23A91B732C0300349A95 /* LWPinYinFullKeyboard.xib */,
				EA3E23AA1B732C0300349A95 /* LWPinYinNineKeyboard.h */,
				EA3E23AB1B732C0300349A95 /* LWPinYinNineKeyboard.m */,
				EA3E23AC1B732C0300349A95 /* LWPinYinNineKeyboard.xib */,
			);
			path = Keyboard;
			sourceTree = "<group>";
		};
		EA3E23AD1B732C0300349A95 /* Resource */ = {
			isa = PBXGroup;
			children = (
				EA3E23D11B73652700349A95 /* waterglass.png */,
				EA3E23CD1B733C6600349A95 /* moonlight.png */,
				EA3E23CE1B733C6600349A95 /* sealight.png */,
				EA3E23AE1B732C0300349A95 /* BubbleTheme */,
				EA3E23B31B732C0300349A95 /* MachineTheme */,
				BEF06B7F63B98F1B23953992 /* DishuTheme */,
			);
			path = Resource;
			sourceTree = "<group>";
		};
		EA3E23AE1B732C0300349A95 /* BubbleTheme */ = {
			isa = PBXGroup;
			children = (
				EA3E23AF1B732C0300349A95 /* BubbleTheme.plist */,
				EA3E23B01B732C0300349A95 /* BubbleTheme.png */,
			);
			path = BubbleTheme;
			sourceTree = "<group>";
		};
		EA3E23B31B732C0300349A95 /* MachineTheme */ = {
			isa = PBXGroup;
			children = (
				EA3E23B41B732C0300349A95 /* MachineTheme.plist */,
				EA3E23B51B732C0300349A95 /* MachineTheme.png */,
			);
			path = MachineTheme;
			sourceTree = "<group>";
		};
		EA3E23B61B732C0300349A95 /* Utils */ = {
			isa = PBXGroup;
			children = (
				EA3E23B71B732C0300349A95 /* UIColor+HexValue.h */,
				EA3E23B81B732C0300349A95 /* UIColor+HexValue.m */,
			);
			path = Utils;
			sourceTree = "<group>";
		};
		EA56C0511B42E1140076EC00 = {
			isa = PBXGroup;
			children = (
				EA56C05C1B42E1140076EC00 /* MyInputMethod */,
				EA56C0761B42E1140076EC00 /* MyInputMethodTests */,
				EA56C0881B42E1670076EC00 /* MyKeyboard */,
				EA56C0951B42E1AF0076EC00 /* MyKeyboard.entitlements */,
				EAFB53831B46A1700076DAA7 /* Images.xcassets */,
				EA3E23961B732BDC00349A95 /* MyKeyboardViewController.h */,
				EA3E23971B732BDC00349A95 /* MyKeyboardViewController.m */,
				EA3E23951B732B8E00349A95 /* LWDefines.h */,
				EA56C0B81B42F1740076EC00 /* MyEmojiKeyboard */,
				EA56C05B1B42E1140076EC00 /* Products */,
				BEF06C2913B1D37966CFAD2E /* README.md */,
				BEF06E888D0180F5B2E41D1A /* doc */,
			);
			sourceTree = "<group>";
		};
		EA56C05B1B42E1140076EC00 /* Products */ = {
			isa = PBXGroup;
			children = (
				EA56C05A1B42E1140076EC00 /* MyInputMethod.app */,
				EA56C0731B42E1140076EC00 /* MyInputMethodTests.xctest */,
				EA56C0871B42E1670076EC00 /* MyKeyboard.appex */,
				EA56C0B71B42F1740076EC00 /* MyEmojiKeyboard.appex */,
			);
			name = Products;
			sourceTree = "<group>";
		};
		EA56C05C1B42E1140076EC00 /* MyInputMethod */ = {
			isa = PBXGroup;
			children = (
				EA56C0961B42E20F0076EC00 /* MyInputMethod.entitlements */,
				EA56C0611B42E1140076EC00 /* AppDelegate.h */,
				EA56C0621B42E1140076EC00 /* AppDelegate.m */,
				EA56C0641B42E1140076EC00 /* ViewController.h */,
				EA56C0651B42E1140076EC00 /* ViewController.m */,
				EA56C0671B42E1140076EC00 /* Main.storyboard */,
				EA56C06A1B42E1140076EC00 /* Images.xcassets */,
				EA56C06C1B42E1140076EC00 /* LaunchScreen.xib */,
				EA56C05D1B42E1140076EC00 /* Supporting Files */,
			);
			path = MyInputMethod;
			sourceTree = "<group>";
		};
		EA56C05D1B42E1140076EC00 /* Supporting Files */ = {
			isa = PBXGroup;
			children = (
				EA56C05E1B42E1140076EC00 /* Info.plist */,
				EA56C05F1B42E1140076EC00 /* main.m */,
				EA56C0A51B42E4110076EC00 /* InfoPlist.strings */,
				EA56C0A91B42E4190076EC00 /* Localizable.strings */,
			);
			name = "Supporting Files";
			sourceTree = "<group>";
		};
		EA56C0761B42E1140076EC00 /* MyInputMethodTests */ = {
			isa = PBXGroup;
			children = (
				EA56C0791B42E1140076EC00 /* MyInputMethodTests.m */,
				EA56C0771B42E1140076EC00 /* Supporting Files */,
			);
			path = MyInputMethodTests;
			sourceTree = "<group>";
		};
		EA56C0771B42E1140076EC00 /* Supporting Files */ = {
			isa = PBXGroup;
			children = (
				EA56C0781B42E1140076EC00 /* Info.plist */,
			);
			name = "Supporting Files";
			sourceTree = "<group>";
		};
		EA56C0881B42E1670076EC00 /* MyKeyboard */ = {
			isa = PBXGroup;
			children = (
				EA3E23991B732C0300349A95 /* Common */,
				EA3E239E1B732C0300349A95 /* Keyboard */,
				EA3E23B61B732C0300349A95 /* Utils */,
				EA3E238B1B732B6800349A95 /* DataManage */,
				EA3E23571B732B5100349A95 /* CustomViews */,
				EA56C0891B42E1670076EC00 /* Supporting Files */,
				EA3E23AD1B732C0300349A95 /* Resource */,
			);
			path = MyKeyboard;
			sourceTree = "<group>";
		};
		EA56C0891B42E1670076EC00 /* Supporting Files */ = {
			isa = PBXGroup;
			children = (
				EA56C08A1B42E1670076EC00 /* Info.plist */,
				EA56C0AD1B42E42A0076EC00 /* InfoPlist.strings */,
				EA56C0B01B42E4300076EC00 /* Localizable.strings */,
			);
			name = "Supporting Files";
			sourceTree = "<group>";
		};
		EA56C0B81B42F1740076EC00 /* MyEmojiKeyboard */ = {
			isa = PBXGroup;
			children = (
				EA56C0D01B42F2480076EC00 /* MyEmojiKeyboard.entitlements */,
				EA56C0BB1B42F1740076EC00 /* EmojiKeyboardViewController.h */,
				EA56C0BC1B42F1740076EC00 /* EmojiKeyboardViewController.m */,
				EA56C0B91B42F1740076EC00 /* Supporting Files */,
			);
			path = MyEmojiKeyboard;
			sourceTree = "<group>";
		};
		EA56C0B91B42F1740076EC00 /* Supporting Files */ = {
			isa = PBXGroup;
			children = (
				EA56C0BA1B42F1740076EC00 /* Info.plist */,
				EA56C0CA1B42F1F00076EC00 /* InfoPlist.strings */,
				EA56C0CE1B42F1F60076EC00 /* Localizable.strings */,
			);
			name = "Supporting Files";
			sourceTree = "<group>";
		};
/* End PBXGroup section */

/* Begin PBXNativeTarget section */
		EA56C0591B42E1140076EC00 /* MyInputMethod */ = {
			isa = PBXNativeTarget;
			buildConfigurationList = EA56C07D1B42E1140076EC00 /* Build configuration list for PBXNativeTarget "MyInputMethod" */;
			buildPhases = (
				EA56C0561B42E1140076EC00 /* Sources */,
				EA56C0571B42E1140076EC00 /* Frameworks */,
				EA56C0581B42E1140076EC00 /* Resources */,
				EA56C0941B42E1670076EC00 /* Embed App Extensions */,
			);
			buildRules = (
			);
			dependencies = (
				EA56C08F1B42E1670076EC00 /* PBXTargetDependency */,
				EA56C0BF1B42F1740076EC00 /* PBXTargetDependency */,
			);
			name = MyInputMethod;
			productName = MyInputMethod;
			productReference = EA56C05A1B42E1140076EC00 /* MyInputMethod.app */;
			productType = "com.apple.product-type.application";
		};
		EA56C0721B42E1140076EC00 /* MyInputMethodTests */ = {
			isa = PBXNativeTarget;
			buildConfigurationList = EA56C0801B42E1140076EC00 /* Build configuration list for PBXNativeTarget "MyInputMethodTests" */;
			buildPhases = (
				EA56C06F1B42E1140076EC00 /* Sources */,
				EA56C0701B42E1140076EC00 /* Frameworks */,
				EA56C0711B42E1140076EC00 /* Resources */,
			);
			buildRules = (
			);
			dependencies = (
				EA56C0751B42E1140076EC00 /* PBXTargetDependency */,
			);
			name = MyInputMethodTests;
			productName = MyInputMethodTests;
			productReference = EA56C0731B42E1140076EC00 /* MyInputMethodTests.xctest */;
			productType = "com.apple.product-type.bundle.unit-test";
		};
		EA56C0861B42E1670076EC00 /* MyKeyboard */ = {
			isa = PBXNativeTarget;
			buildConfigurationList = EA56C0911B42E1670076EC00 /* Build configuration list for PBXNativeTarget "MyKeyboard" */;
			buildPhases = (
				EA56C0831B42E1670076EC00 /* Sources */,
				EA56C0841B42E1670076EC00 /* Frameworks */,
				EA56C0851B42E1670076EC00 /* Resources */,
			);
			buildRules = (
			);
			dependencies = (
			);
			name = MyKeyboard;
			productName = MyKeyboard;
			productReference = EA56C0871B42E1670076EC00 /* MyKeyboard.appex */;
			productType = "com.apple.product-type.app-extension";
		};
		EA56C0B61B42F1740076EC00 /* MyEmojiKeyboard */ = {
			isa = PBXNativeTarget;
			buildConfigurationList = EA56C0C11B42F1740076EC00 /* Build configuration list for PBXNativeTarget "MyEmojiKeyboard" */;
			buildPhases = (
				EA56C0B31B42F1740076EC00 /* Sources */,
				EA56C0B41B42F1740076EC00 /* Frameworks */,
				EA56C0B51B42F1740076EC00 /* Resources */,
			);
			buildRules = (
			);
			dependencies = (
			);
			name = MyEmojiKeyboard;
			productName = MyEmojiKeyboard;
			productReference = EA56C0B71B42F1740076EC00 /* MyEmojiKeyboard.appex */;
			productType = "com.apple.product-type.app-extension";
		};
/* End PBXNativeTarget section */

/* Begin PBXProject section */
		EA56C0521B42E1140076EC00 /* Project object */ = {
			isa = PBXProject;
			attributes = {
				LastUpgradeCheck = 0630;
				ORGANIZATIONNAME = luowei;
				TargetAttributes = {
					EA56C0591B42E1140076EC00 = {
						CreatedOnToolsVersion = 6.3;
						DevelopmentTeam = G3A2KYKYBU;
						SystemCapabilities = {
							com.apple.ApplicationGroups.iOS = {
								enabled = 1;
							};
							com.apple.iCloud = {
								enabled = 0;
							};
						};
					};
					EA56C0721B42E1140076EC00 = {
						CreatedOnToolsVersion = 6.3;
						TestTargetID = EA56C0591B42E1140076EC00;
					};
					EA56C0861B42E1670076EC00 = {
						CreatedOnToolsVersion = 6.3;
						DevelopmentTeam = G3A2KYKYBU;
						SystemCapabilities = {
							com.apple.ApplicationGroups.iOS = {
								enabled = 1;
							};
						};
					};
					EA56C0B61B42F1740076EC00 = {
						CreatedOnToolsVersion = 6.3;
						DevelopmentTeam = G3A2KYKYBU;
						SystemCapabilities = {
							com.apple.ApplicationGroups.iOS = {
								enabled = 1;
							};
						};
					};
				};
			};
			buildConfigurationList = EA56C0551B42E1140076EC00 /* Build configuration list for PBXProject "MyInputMethod" */;
			compatibilityVersion = "Xcode 3.2";
			developmentRegion = English;
			hasScannedForEncodings = 0;
			knownRegions = (
				en,
				Base,
			);
			mainGroup = EA56C0511B42E1140076EC00;
			productRefGroup = EA56C05B1B42E1140076EC00 /* Products */;
			projectDirPath = "";
			projectRoot = "";
			targets = (
				EA56C0591B42E1140076EC00 /* MyInputMethod */,
				EA56C0721B42E1140076EC00 /* MyInputMethodTests */,
				EA56C0861B42E1670076EC00 /* MyKeyboard */,
				EA56C0B61B42F1740076EC00 /* MyEmojiKeyboard */,
			);
		};
/* End PBXProject section */

/* Begin PBXResourcesBuildPhase section */
		EA56C0581B42E1140076EC00 /* Resources */ = {
			isa = PBXResourcesBuildPhase;
			buildActionMask = 2147483647;
			files = (
				EA56C0A71B42E4190076EC00 /* Localizable.strings in Resources */,
				EA56C0691B42E1140076EC00 /* Main.storyboard in Resources */,
				EA56C0A31B42E4110076EC00 /* InfoPlist.strings in Resources */,
				EA56C06E1B42E1140076EC00 /* LaunchScreen.xib in Resources */,
				EA56C06B1B42E1140076EC00 /* Images.xcassets in Resources */,
			);
			runOnlyForDeploymentPostprocessing = 0;
		};
		EA56C0711B42E1140076EC00 /* Resources */ = {
			isa = PBXResourcesBuildPhase;
			buildActionMask = 2147483647;
			files = (
			);
			runOnlyForDeploymentPostprocessing = 0;
		};
		EA56C0851B42E1670076EC00 /* Resources */ = {
			isa = PBXResourcesBuildPhase;
			buildActionMask = 2147483647;
			files = (
				EA3E23BF1B732C0300349A95 /* LWNumKeyboard.xib in Resources */,
				EA3E23C11B732C0300349A95 /* LWPinYinFullKeyboard.xib in Resources */,
				EA3E23C81B732C0300349A95 /* MachineTheme.plist in Resources */,
				EA3E23C41B732C0300349A95 /* BubbleTheme.plist in Resources */,
				EA3E23D01B733C6600349A95 /* sealight.png in Resources */,
				EA3E23CC1B73342400349A95 /* LWToolBar.xib in Resources */,
				EA3E23C91B732C0300349A95 /* MachineTheme.png in Resources */,
				EA56C0AB1B42E42A0076EC00 /* InfoPlist.strings in Resources */,
				EA3E23CF1B733C6600349A95 /* moonlight.png in Resources */,
				EAFB53841B46A1700076DAA7 /* Images.xcassets in Resources */,
				EA56C0AE1B42E4300076EC00 /* Localizable.strings in Resources */,
				EA3E23BD1B732C0300349A95 /* LWEnFullKeyboard.xib in Resources */,
				EA3E23C51B732C0300349A95 /* BubbleTheme.png in Resources */,
				EA3E23C31B732C0300349A95 /* LWPinYinNineKeyboard.xib in Resources */,
				EA3E23D21B73652700349A95 /* waterglass.png in Resources */,
				BEF063B061238131C98190AE /* DishuTheme.plist in Resources */,
				BEF069306002FA7C5CC700E1 /* DishuTheme.png in Resources */,
			);
			runOnlyForDeploymentPostprocessing = 0;
		};
		EA56C0B51B42F1740076EC00 /* Resources */ = {
			isa = PBXResourcesBuildPhase;
			buildActionMask = 2147483647;
			files = (
				EA56C0C81B42F1F00076EC00 /* InfoPlist.strings in Resources */,
				EA56C0CC1B42F1F60076EC00 /* Localizable.strings in Resources */,
			);
			runOnlyForDeploymentPostprocessing = 0;
		};
/* End PBXResourcesBuildPhase section */

/* Begin PBXSourcesBuildPhase section */
		EA56C0561B42E1140076EC00 /* Sources */ = {
			isa = PBXSourcesBuildPhase;
			buildActionMask = 2147483647;
			files = (
				EA56C0661B42E1140076EC00 /* ViewController.m in Sources */,
				EA56C0631B42E1140076EC00 /* AppDelegate.m in Sources */,
				EA56C0601B42E1140076EC00 /* main.m in Sources */,
			);
			runOnlyForDeploymentPostprocessing = 0;
		};
		EA56C06F1B42E1140076EC00 /* Sources */ = {
			isa = PBXSourcesBuildPhase;
			buildActionMask = 2147483647;
			files = (
				EA56C07A1B42E1140076EC00 /* MyInputMethodTests.m in Sources */,
			);
			runOnlyForDeploymentPostprocessing = 0;
		};
		EA56C0831B42E1670076EC00 /* Sources */ = {
			isa = PBXSourcesBuildPhase;
			buildActionMask = 2147483647;
			files = (
				EA3E23891B732B5100349A95 /* LWSingleHandView.m in Sources */,
				EA3E23B91B732C0300349A95 /* LWHelper.m in Sources */,
				EA3E23931B732B6800349A95 /* LWKeyboardConfig.m in Sources */,
				EA3E23801B732B5100349A95 /* LWNumCharBtn.m in Sources */,
				EA3E237E1B732B5100349A95 /* LWKeyKBBtn.m in Sources */,
				EA3E237C1B732B5100349A95 /* LWCharKBBtn.m in Sources */,
				EA3E23C21B732C0300349A95 /* LWPinYinNineKeyboard.m in Sources */,
				EA3E23941B732B6800349A95 /* LWKeyboardLogic.m in Sources */,
				EA3E23BC1B732C0300349A95 /* LWEnFullKeyboard.m in Sources */,
				EA3E237B1B732B5100349A95 /* LWBaseKBBtn.m in Sources */,
				EA3E23C01B732C0300349A95 /* LWPinYinFullKeyboard.m in Sources */,
				EA3E23861B732B5100349A95 /* LWSettingPopView.m in Sources */,
				EA3E23BB1B732C0300349A95 /* LWBaseKeyboard.m in Sources */,
				EA3E237F1B732B5100349A95 /* LWNineCharBtn.m in Sources */,
				EA3E238A1B732B5100349A95 /* LWTopView.m in Sources */,
				EA3E23821B732B5100349A95 /* LWNumLeftTabView.m in Sources */,
				EA3E23841B732B5100349A95 /* LWToolBar.m in Sources */,
				EA3E23831B732B5100349A95 /* LWPinYinLeftTabView.m in Sources */,
				EA3E23851B732B5100349A95 /* LWOftenWordsPopView.m in Sources */,
				EA3E23CA1B732C0300349A95 /* UIColor+HexValue.m in Sources */,
				EA3E237D1B732B5100349A95 /* LWFullCharBtn.m in Sources */,
				EA3E23981B732BDC00349A95 /* MyKeyboardViewController.m in Sources */,
				EA3E23881B732B5100349A95 /* LWRootWrapView.m in Sources */,
				EA3E23811B732B5100349A95 /* LWLeftTabView.m in Sources */,
				EA3E23921B732B6800349A95 /* LWDataConfig.m in Sources */,
				EA3E23871B732B5100349A95 /* LWKeyboardWrap.m in Sources */,
				EA3E23BE1B732C0300349A95 /* LWNumKeyboard.m in Sources */,
			);
			runOnlyForDeploymentPostprocessing = 0;
		};
		EA56C0B31B42F1740076EC00 /* Sources */ = {
			isa = PBXSourcesBuildPhase;
			buildActionMask = 2147483647;
			files = (
				EA56C0BD1B42F1740076EC00 /* EmojiKeyboardViewController.m in Sources */,
			);
			runOnlyForDeploymentPostprocessing = 0;
		};
/* End PBXSourcesBuildPhase section */

/* Begin PBXTargetDependency section */
		EA56C0751B42E1140076EC00 /* PBXTargetDependency */ = {
			isa = PBXTargetDependency;
			target = EA56C0591B42E1140076EC00 /* MyInputMethod */;
			targetProxy = EA56C0741B42E1140076EC00 /* PBXContainerItemProxy */;
		};
		EA56C08F1B42E1670076EC00 /* PBXTargetDependency */ = {
			isa = PBXTargetDependency;
			target = EA56C0861B42E1670076EC00 /* MyKeyboard */;
			targetProxy = EA56C08E1B42E1670076EC00 /* PBXContainerItemProxy */;
		};
		EA56C0BF1B42F1740076EC00 /* PBXTargetDependency */ = {
			isa = PBXTargetDependency;
			target = EA56C0B61B42F1740076EC00 /* MyEmojiKeyboard */;
			targetProxy = EA56C0BE1B42F1740076EC00 /* PBXContainerItemProxy */;
		};
/* End PBXTargetDependency section */

/* Begin PBXVariantGroup section */
		EA56C0671B42E1140076EC00 /* Main.storyboard */ = {
			isa = PBXVariantGroup;
			children = (
				EA56C0681B42E1140076EC00 /* Base */,
				EA56C0A01B42E3ED0076EC00 /* en */,
			);
			name = Main.storyboard;
			sourceTree = "<group>";
		};
		EA56C06C1B42E1140076EC00 /* LaunchScreen.xib */ = {
			isa = PBXVariantGroup;
			children = (
				EA56C06D1B42E1140076EC00 /* Base */,
				EA56C0A21B42E3F80076EC00 /* en */,
			);
			name = LaunchScreen.xib;
			sourceTree = "<group>";
		};
		EA56C0A51B42E4110076EC00 /* InfoPlist.strings */ = {
			isa = PBXVariantGroup;
			children = (
				EA56C0A41B42E4110076EC00 /* Base */,
				EA56C0A61B42E4150076EC00 /* en */,
			);
			name = InfoPlist.strings;
			sourceTree = "<group>";
		};
		EA56C0A91B42E4190076EC00 /* Localizable.strings */ = {
			isa = PBXVariantGroup;
			children = (
				EA56C0A81B42E4190076EC00 /* Base */,
				EA56C0AA1B42E41A0076EC00 /* en */,
			);
			name = Localizable.strings;
			sourceTree = "<group>";
		};
		EA56C0AD1B42E42A0076EC00 /* InfoPlist.strings */ = {
			isa = PBXVariantGroup;
			children = (
				EA56C0AC1B42E42A0076EC00 /* Base */,
				EA56C0B21B42E4370076EC00 /* en */,
			);
			name = InfoPlist.strings;
			sourceTree = "<group>";
		};
		EA56C0B01B42E4300076EC00 /* Localizable.strings */ = {
			isa = PBXVariantGroup;
			children = (
				EA56C0AF1B42E4300076EC00 /* Base */,
				EA56C0B11B42E4330076EC00 /* en */,
			);
			name = Localizable.strings;
			sourceTree = "<group>";
		};
		EA56C0CA1B42F1F00076EC00 /* InfoPlist.strings */ = {
			isa = PBXVariantGroup;
			children = (
				EA56C0C91B42F1F00076EC00 /* Base */,
				EA56C0CB1B42F1F20076EC00 /* en */,
			);
			name = InfoPlist.strings;
			sourceTree = "<group>";
		};
		EA56C0CE1B42F1F60076EC00 /* Localizable.strings */ = {
			isa = PBXVariantGroup;
			children = (
				EA56C0CD1B42F1F60076EC00 /* Base */,
				EA56C0CF1B42F1F70076EC00 /* en */,
			);
			name = Localizable.strings;
			sourceTree = "<group>";
		};
/* End PBXVariantGroup section */

/* Begin XCBuildConfiguration section */
		EA56C07B1B42E1140076EC00 /* Debug */ = {
			isa = XCBuildConfiguration;
			buildSettings = {
				ALWAYS_SEARCH_USER_PATHS = NO;
				CLANG_CXX_LANGUAGE_STANDARD = "gnu++0x";
				CLANG_CXX_LIBRARY = "libc++";
				CLANG_ENABLE_MODULES = YES;
				CLANG_ENABLE_OBJC_ARC = YES;
				CLANG_WARN_BOOL_CONVERSION = YES;
				CLANG_WARN_CONSTANT_CONVERSION = YES;
				CLANG_WARN_DIRECT_OBJC_ISA_USAGE = YES_ERROR;
				CLANG_WARN_EMPTY_BODY = YES;
				CLANG_WARN_ENUM_CONVERSION = YES;
				CLANG_WARN_INT_CONVERSION = YES;
				CLANG_WARN_OBJC_ROOT_CLASS = YES_ERROR;
				CLANG_WARN_UNREACHABLE_CODE = YES;
				CLANG_WARN__DUPLICATE_METHOD_MATCH = YES;
				"CODE_SIGN_IDENTITY[sdk=iphoneos*]" = "iPhone Developer";
				COPY_PHASE_STRIP = NO;
				DEBUG_INFORMATION_FORMAT = "dwarf-with-dsym";
				ENABLE_STRICT_OBJC_MSGSEND = YES;
				GCC_C_LANGUAGE_STANDARD = gnu99;
				GCC_DYNAMIC_NO_PIC = NO;
				GCC_NO_COMMON_BLOCKS = YES;
				GCC_OPTIMIZATION_LEVEL = 0;
				GCC_PREPROCESSOR_DEFINITIONS = (
					"DEBUG=1",
					"$(inherited)",
				);
				GCC_SYMBOLS_PRIVATE_EXTERN = NO;
				GCC_WARN_64_TO_32_BIT_CONVERSION = YES;
				GCC_WARN_ABOUT_RETURN_TYPE = YES_ERROR;
				GCC_WARN_UNDECLARED_SELECTOR = YES;
				GCC_WARN_UNINITIALIZED_AUTOS = YES_AGGRESSIVE;
				GCC_WARN_UNUSED_FUNCTION = YES;
				GCC_WARN_UNUSED_VARIABLE = YES;
				IPHONEOS_DEPLOYMENT_TARGET = 8.3;
				MTL_ENABLE_DEBUG_INFO = YES;
				ONLY_ACTIVE_ARCH = YES;
				SDKROOT = iphoneos;
				TARGETED_DEVICE_FAMILY = "1,2";
			};
			name = Debug;
		};
		EA56C07C1B42E1140076EC00 /* Release */ = {
			isa = XCBuildConfiguration;
			buildSettings = {
				ALWAYS_SEARCH_USER_PATHS = NO;
				CLANG_CXX_LANGUAGE_STANDARD = "gnu++0x";
				CLANG_CXX_LIBRARY = "libc++";
				CLANG_ENABLE_MODULES = YES;
				CLANG_ENABLE_OBJC_ARC = YES;
				CLANG_WARN_BOOL_CONVERSION = YES;
				CLANG_WARN_CONSTANT_CONVERSION = YES;
				CLANG_WARN_DIRECT_OBJC_ISA_USAGE = YES_ERROR;
				CLANG_WARN_EMPTY_BODY = YES;
				CLANG_WARN_ENUM_CONVERSION = YES;
				CLANG_WARN_INT_CONVERSION = YES;
				CLANG_WARN_OBJC_ROOT_CLASS = YES_ERROR;
				CLANG_WARN_UNREACHABLE_CODE = YES;
				CLANG_WARN__DUPLICATE_METHOD_MATCH = YES;
				"CODE_SIGN_IDENTITY[sdk=iphoneos*]" = "iPhone Developer";
				COPY_PHASE_STRIP = NO;
				DEBUG_INFORMATION_FORMAT = "dwarf-with-dsym";
				ENABLE_NS_ASSERTIONS = NO;
				ENABLE_STRICT_OBJC_MSGSEND = YES;
				GCC_C_LANGUAGE_STANDARD = gnu99;
				GCC_NO_COMMON_BLOCKS = YES;
				GCC_WARN_64_TO_32_BIT_CONVERSION = YES;
				GCC_WARN_ABOUT_RETURN_TYPE = YES_ERROR;
				GCC_WARN_UNDECLARED_SELECTOR = YES;
				GCC_WARN_UNINITIALIZED_AUTOS = YES_AGGRESSIVE;
				GCC_WARN_UNUSED_FUNCTION = YES;
				GCC_WARN_UNUSED_VARIABLE = YES;
				IPHONEOS_DEPLOYMENT_TARGET = 8.3;
				MTL_ENABLE_DEBUG_INFO = NO;
				SDKROOT = iphoneos;
				TARGETED_DEVICE_FAMILY = "1,2";
				VALIDATE_PRODUCT = YES;
			};
			name = Release;
		};
		EA56C07E1B42E1140076EC00 /* Debug */ = {
			isa = XCBuildConfiguration;
			buildSettings = {
				ASSETCATALOG_COMPILER_APPICON_NAME = AppIcon;
				CODE_SIGN_ENTITLEMENTS = MyInputMethod/MyInputMethod.entitlements;
				CODE_SIGN_IDENTITY = "iPhone Developer";
				"CODE_SIGN_IDENTITY[sdk=iphoneos*]" = "iPhone Developer";
				INFOPLIST_FILE = MyInputMethod/Info.plist;
				IPHONEOS_DEPLOYMENT_TARGET = 8.0;
				LD_RUNPATH_SEARCH_PATHS = "$(inherited) @executable_path/Frameworks";
				PRODUCT_NAME = "$(TARGET_NAME)";
				PROVISIONING_PROFILE = "";
			};
			name = Debug;
		};
		EA56C07F1B42E1140076EC00 /* Release */ = {
			isa = XCBuildConfiguration;
			buildSettings = {
				ASSETCATALOG_COMPILER_APPICON_NAME = AppIcon;
				CODE_SIGN_ENTITLEMENTS = MyInputMethod/MyInputMethod.entitlements;
				CODE_SIGN_IDENTITY = "iPhone Developer";
				"CODE_SIGN_IDENTITY[sdk=iphoneos*]" = "iPhone Developer";
				INFOPLIST_FILE = MyInputMethod/Info.plist;
				IPHONEOS_DEPLOYMENT_TARGET = 8.0;
				LD_RUNPATH_SEARCH_PATHS = "$(inherited) @executable_path/Frameworks";
				PRODUCT_NAME = "$(TARGET_NAME)";
				PROVISIONING_PROFILE = "";
			};
			name = Release;
		};
		EA56C0811B42E1140076EC00 /* Debug */ = {
			isa = XCBuildConfiguration;
			buildSettings = {
				BUNDLE_LOADER = "$(TEST_HOST)";
				FRAMEWORK_SEARCH_PATHS = (
					"$(SDKROOT)/Developer/Library/Frameworks",
					"$(inherited)",
				);
				GCC_PREPROCESSOR_DEFINITIONS = (
					"DEBUG=1",
					"$(inherited)",
				);
				INFOPLIST_FILE = MyInputMethodTests/Info.plist;
				LD_RUNPATH_SEARCH_PATHS = "$(inherited) @executable_path/Frameworks @loader_path/Frameworks";
				PRODUCT_NAME = "$(TARGET_NAME)";
				TEST_HOST = "$(BUILT_PRODUCTS_DIR)/MyInputMethod.app/MyInputMethod";
			};
			name = Debug;
		};
		EA56C0821B42E1140076EC00 /* Release */ = {
			isa = XCBuildConfiguration;
			buildSettings = {
				BUNDLE_LOADER = "$(TEST_HOST)";
				FRAMEWORK_SEARCH_PATHS = (
					"$(SDKROOT)/Developer/Library/Frameworks",
					"$(inherited)",
				);
				INFOPLIST_FILE = MyInputMethodTests/Info.plist;
				LD_RUNPATH_SEARCH_PATHS = "$(inherited) @executable_path/Frameworks @loader_path/Frameworks";
				PRODUCT_NAME = "$(TARGET_NAME)";
				TEST_HOST = "$(BUILT_PRODUCTS_DIR)/MyInputMethod.app/MyInputMethod";
			};
			name = Release;
		};
		EA56C0921B42E1670076EC00 /* Debug */ = {
			isa = XCBuildConfiguration;
			buildSettings = {
				CODE_SIGN_ENTITLEMENTS = MyKeyboard/MyKeyboard.entitlements;
				CODE_SIGN_IDENTITY = "iPhone Developer";
				"CODE_SIGN_IDENTITY[sdk=iphoneos*]" = "iPhone Developer";
				GCC_PREPROCESSOR_DEFINITIONS = (
					"DEBUG=1",
					"$(inherited)",
				);
				INFOPLIST_FILE = MyKeyboard/Info.plist;
				IPHONEOS_DEPLOYMENT_TARGET = 8.0;
				LD_RUNPATH_SEARCH_PATHS = "$(inherited) @executable_path/Frameworks @executable_path/../../Frameworks";
				PRODUCT_NAME = "$(TARGET_NAME)";
				PROVISIONING_PROFILE = "";
				SKIP_INSTALL = YES;
			};
			name = Debug;
		};
		EA56C0931B42E1670076EC00 /* Release */ = {
			isa = XCBuildConfiguration;
			buildSettings = {
				CODE_SIGN_ENTITLEMENTS = MyKeyboard/MyKeyboard.entitlements;
				CODE_SIGN_IDENTITY = "iPhone Developer";
				"CODE_SIGN_IDENTITY[sdk=iphoneos*]" = "iPhone Developer";
				INFOPLIST_FILE = MyKeyboard/Info.plist;
				IPHONEOS_DEPLOYMENT_TARGET = 8.0;
				LD_RUNPATH_SEARCH_PATHS = "$(inherited) @executable_path/Frameworks @executable_path/../../Frameworks";
				PRODUCT_NAME = "$(TARGET_NAME)";
				PROVISIONING_PROFILE = "";
				SKIP_INSTALL = YES;
			};
			name = Release;
		};
		EA56C0C21B42F1740076EC00 /* Debug */ = {
			isa = XCBuildConfiguration;
			buildSettings = {
				CODE_SIGN_ENTITLEMENTS = MyEmojiKeyboard/MyEmojiKeyboard.entitlements;
				CODE_SIGN_IDENTITY = "iPhone Developer";
				"CODE_SIGN_IDENTITY[sdk=iphoneos*]" = "iPhone Developer";
				GCC_PREPROCESSOR_DEFINITIONS = (
					"DEBUG=1",
					"$(inherited)",
				);
				INFOPLIST_FILE = MyEmojiKeyboard/Info.plist;
				LD_RUNPATH_SEARCH_PATHS = "$(inherited) @executable_path/Frameworks @executable_path/../../Frameworks";
				PRODUCT_NAME = "$(TARGET_NAME)";
				PROVISIONING_PROFILE = "";
				SKIP_INSTALL = YES;
			};
			name = Debug;
		};
		EA56C0C31B42F1740076EC00 /* Release */ = {
			isa = XCBuildConfiguration;
			buildSettings = {
				CODE_SIGN_ENTITLEMENTS = MyEmojiKeyboard/MyEmojiKeyboard.entitlements;
				CODE_SIGN_IDENTITY = "iPhone Developer";
				"CODE_SIGN_IDENTITY[sdk=iphoneos*]" = "iPhone Developer";
				INFOPLIST_FILE = MyEmojiKeyboard/Info.plist;
				LD_RUNPATH_SEARCH_PATHS = "$(inherited) @executable_path/Frameworks @executable_path/../../Frameworks";
				PRODUCT_NAME = "$(TARGET_NAME)";
				PROVISIONING_PROFILE = "";
				SKIP_INSTALL = YES;
			};
			name = Release;
		};
/* End XCBuildConfiguration section */

/* Begin XCConfigurationList section */
		EA56C0551B42E1140076EC00 /* Build configuration list for PBXProject "MyInputMethod" */ = {
			isa = XCConfigurationList;
			buildConfigurations = (
				EA56C07B1B42E1140076EC00 /* Debug */,
				EA56C07C1B42E1140076EC00 /* Release */,
			);
			defaultConfigurationIsVisible = 0;
			defaultConfigurationName = Release;
		};
		EA56C07D1B42E1140076EC00 /* Build configuration list for PBXNativeTarget "MyInputMethod" */ = {
			isa = XCConfigurationList;
			buildConfigurations = (
				EA56C07E1B42E1140076EC00 /* Debug */,
				EA56C07F1B42E1140076EC00 /* Release */,
			);
			defaultConfigurationIsVisible = 0;
			defaultConfigurationName = Release;
		};
		EA56C0801B42E1140076EC00 /* Build configuration list for PBXNativeTarget "MyInputMethodTests" */ = {
			isa = XCConfigurationList;
			buildConfigurations = (
				EA56C0811B42E1140076EC00 /* Debug */,
				EA56C0821B42E1140076EC00 /* Release */,
			);
			defaultConfigurationIsVisible = 0;
			defaultConfigurationName = Release;
		};
		EA56C0911B42E1670076EC00 /* Build configuration list for PBXNativeTarget "MyKeyboard" */ = {
			isa = XCConfigurationList;
			buildConfigurations = (
				EA56C0921B42E1670076EC00 /* Debug */,
				EA56C0931B42E1670076EC00 /* Release */,
			);
			defaultConfigurationIsVisible = 0;
			defaultConfigurationName = Release;
		};
		EA56C0C11B42F1740076EC00 /* Build configuration list for PBXNativeTarget "MyEmojiKeyboard" */ = {
			isa = XCConfigurationList;
			buildConfigurations = (
				EA56C0C21B42F1740076EC00 /* Debug */,
				EA56C0C31B42F1740076EC00 /* Release */,
			);
			defaultConfigurationIsVisible = 0;
			defaultConfigurationName = Release;
		};
/* End XCConfigurationList section */
	};
	rootObject = EA56C0521B42E1140076EC00 /* Project object */;
}
