// !$*UTF8*$!
{
	archiveVersion = 1;
	classes = {
	};
	objectVersion = 46;
	objects = {

/* Begin PBXBuildFile section */
		BEF0622F4BCDB4DC8FEC575F /* LWBaseKeyboard.m in Sources */ = {isa = PBXBuildFile; fileRef = BEF06610E5C29E6082948E95 /* LWBaseKeyboard.m */; };
		BEF0634800B82D34169C244D /* LWHelper.m in Sources */ = {isa = PBXBuildFile; fileRef = BEF06779280E30F7628A2474 /* LWHelper.m */; };
		BEF0648D569B86A109B153FB /* LWBaseKBBtn.m in Sources */ = {isa = PBXBuildFile; fileRef = BEF06549AF4314DF3E4F4284 /* LWBaseKBBtn.m */; };
		BEF0670CCDDD21259FA67C09 /* LWKeyKBBtn.m in Sources */ = {isa = PBXBuildFile; fileRef = BEF068700E3B18B5F9C80A66 /* LWKeyKBBtn.m */; };
		BEF068B7C57694B6E02C6D47 /* LWHelper.m in Sources */ = {isa = PBXBuildFile; fileRef = BEF06779280E30F7628A2474 /* LWHelper.m */; };
		BEF0696049A242C462CCFA37 /* LWKeyboardConfig.m in Sources */ = {isa = PBXBuildFile; fileRef = BEF06E9EEE76F27FEC5567DA /* LWKeyboardConfig.m */; };
		BEF069A2AB9991757EFDD99D /* LWCharKBBtn.m in Sources */ = {isa = PBXBuildFile; fileRef = BEF06EF726C48C6B56EF035C /* LWCharKBBtn.m */; };
		BEF06A2B32C1793DF9B52331 /* LWHelper.m in Sources */ = {isa = PBXBuildFile; fileRef = BEF06779280E30F7628A2474 /* LWHelper.m */; };
		EA56C0601B42E1140076EC00 /* main.m in Sources */ = {isa = PBXBuildFile; fileRef = EA56C05F1B42E1140076EC00 /* main.m */; };
		EA56C0631B42E1140076EC00 /* AppDelegate.m in Sources */ = {isa = PBXBuildFile; fileRef = EA56C0621B42E1140076EC00 /* AppDelegate.m */; };
		EA56C0661B42E1140076EC00 /* ViewController.m in Sources */ = {isa = PBXBuildFile; fileRef = EA56C0651B42E1140076EC00 /* ViewController.m */; };
		EA56C0691B42E1140076EC00 /* Main.storyboard in Resources */ = {isa = PBXBuildFile; fileRef = EA56C0671B42E1140076EC00 /* Main.storyboard */; };
		EA56C06B1B42E1140076EC00 /* Images.xcassets in Resources */ = {isa = PBXBuildFile; fileRef = EA56C06A1B42E1140076EC00 /* Images.xcassets */; };
		EA56C06E1B42E1140076EC00 /* LaunchScreen.xib in Resources */ = {isa = PBXBuildFile; fileRef = EA56C06C1B42E1140076EC00 /* LaunchScreen.xib */; };
		EA56C07A1B42E1140076EC00 /* MyInputMethodTests.m in Sources */ = {isa = PBXBuildFile; fileRef = EA56C0791B42E1140076EC00 /* MyInputMethodTests.m */; };
		EA56C08D1B42E1670076EC00 /* MyKeyboardViewController.m in Sources */ = {isa = PBXBuildFile; fileRef = EA56C08C1B42E1670076EC00 /* MyKeyboardViewController.m */; };
		EA56C0901B42E1670076EC00 /* MyKeyboard.appex in Embed App Extensions */ = {isa = PBXBuildFile; fileRef = EA56C0871B42E1670076EC00 /* MyKeyboard.appex */; settings = {ATTRIBUTES = (RemoveHeadersOnCopy, ); }; };
		EA56C0A31B42E4110076EC00 /* InfoPlist.strings in Resources */ = {isa = PBXBuildFile; fileRef = EA56C0A51B42E4110076EC00 /* InfoPlist.strings */; };
		EA56C0A71B42E4190076EC00 /* Localizable.strings in Resources */ = {isa = PBXBuildFile; fileRef = EA56C0A91B42E4190076EC00 /* Localizable.strings */; };
		EA56C0AB1B42E42A0076EC00 /* InfoPlist.strings in Resources */ = {isa = PBXBuildFile; fileRef = EA56C0AD1B42E42A0076EC00 /* InfoPlist.strings */; };
		EA56C0AE1B42E4300076EC00 /* Localizable.strings in Resources */ = {isa = PBXBuildFile; fileRef = EA56C0B01B42E4300076EC00 /* Localizable.strings */; };
		EA56C0BD1B42F1740076EC00 /* EmojiKeyboardViewController.m in Sources */ = {isa = PBXBuildFile; fileRef = EA56C0BC1B42F1740076EC00 /* EmojiKeyboardViewController.m */; };
		EA56C0C01B42F1740076EC00 /* MyEmojiKeyboard.appex in Embed App Extensions */ = {isa = PBXBuildFile; fileRef = EA56C0B71B42F1740076EC00 /* MyEmojiKeyboard.appex */; settings = {ATTRIBUTES = (RemoveHeadersOnCopy, ); }; };
		EA56C0C81B42F1F00076EC00 /* InfoPlist.strings in Resources */ = {isa = PBXBuildFile; fileRef = EA56C0CA1B42F1F00076EC00 /* InfoPlist.strings */; };
		EA56C0CC1B42F1F60076EC00 /* Localizable.strings in Resources */ = {isa = PBXBuildFile; fileRef = EA56C0CE1B42F1F60076EC00 /* Localizable.strings */; };
		EA57CF121B4BC4B100E658E7 /* BubbleTheme.png in Resources */ = {isa = PBXBuildFile; fileRef = EA57CF111B4BC4B100E658E7 /* BubbleTheme.png */; };
		EA57CF131B4BC4B100E658E7 /* BubbleTheme.png in Resources */ = {isa = PBXBuildFile; fileRef = EA57CF111B4BC4B100E658E7 /* BubbleTheme.png */; };
		EA57CF151B4BC4CE00E658E7 /* BubbleTheme.plist in Resources */ = {isa = PBXBuildFile; fileRef = EA57CF141B4BC4CE00E658E7 /* BubbleTheme.plist */; };
		EA57CF161B4BC4CE00E658E7 /* BubbleTheme.plist in Resources */ = {isa = PBXBuildFile; fileRef = EA57CF141B4BC4CE00E658E7 /* BubbleTheme.plist */; };
		EA57CF181B4BC4D900E658E7 /* MachineTheme.png in Resources */ = {isa = PBXBuildFile; fileRef = EA57CF171B4BC4D900E658E7 /* MachineTheme.png */; };
		EA57CF191B4BC4D900E658E7 /* MachineTheme.png in Resources */ = {isa = PBXBuildFile; fileRef = EA57CF171B4BC4D900E658E7 /* MachineTheme.png */; };
		EA57CF1B1B4BC4EB00E658E7 /* MachineTheme.plist in Resources */ = {isa = PBXBuildFile; fileRef = EA57CF1A1B4BC4EB00E658E7 /* MachineTheme.plist */; };
		EA57CF1C1B4BC4EB00E658E7 /* MachineTheme.plist in Resources */ = {isa = PBXBuildFile; fileRef = EA57CF1A1B4BC4EB00E658E7 /* MachineTheme.plist */; };
		EA57CF1E1B4BC4F700E658E7 /* DishuTheme.png in Resources */ = {isa = PBXBuildFile; fileRef = EA57CF1D1B4BC4F700E658E7 /* DishuTheme.png */; };
		EA57CF1F1B4BC4F700E658E7 /* DishuTheme.png in Resources */ = {isa = PBXBuildFile; fileRef = EA57CF1D1B4BC4F700E658E7 /* DishuTheme.png */; };
		EA57CF211B4BC50900E658E7 /* DishuTheme.plist in Resources */ = {isa = PBXBuildFile; fileRef = EA57CF201B4BC50900E658E7 /* DishuTheme.plist */; };
		EA57CF221B4BC50900E658E7 /* DishuTheme.plist in Resources */ = {isa = PBXBuildFile; fileRef = EA57CF201B4BC50900E658E7 /* DishuTheme.plist */; };
		EABF4BCA1B42FFBE00918AE1 /* LWFullKeyboard.m in Sources */ = {isa = PBXBuildFile; fileRef = EABF4BC91B42FFBE00918AE1 /* LWFullKeyboard.m */; };
		EABF4BCD1B43015300918AE1 /* LWFullKeyboard.xib in Resources */ = {isa = PBXBuildFile; fileRef = EABF4BCF1B43015300918AE1 /* LWFullKeyboard.xib */; };
		EAE29B141B4A48770051FF98 /* LWKBToolbar.m in Sources */ = {isa = PBXBuildFile; fileRef = EAE29B131B4A48770051FF98 /* LWKBToolbar.m */; };
		EAFB53841B46A1700076DAA7 /* Images.xcassets in Resources */ = {isa = PBXBuildFile; fileRef = EAFB53831B46A1700076DAA7 /* Images.xcassets */; };
/* End PBXBuildFile section */

/* Begin PBXContainerItemProxy section */
		EA56C0741B42E1140076EC00 /* PBXContainerItemProxy */ = {
			isa = PBXContainerItemProxy;
			containerPortal = EA56C0521B42E1140076EC00 /* Project object */;
			proxyType = 1;
			remoteGlobalIDString = EA56C0591B42E1140076EC00;
			remoteInfo = MyInputMethod;
		};
		EA56C08E1B42E1670076EC00 /* PBXContainerItemProxy */ = {
			isa = PBXContainerItemProxy;
			containerPortal = EA56C0521B42E1140076EC00 /* Project object */;
			proxyType = 1;
			remoteGlobalIDString = EA56C0861B42E1670076EC00;
			remoteInfo = MyKeyboard;
		};
		EA56C0BE1B42F1740076EC00 /* PBXContainerItemProxy */ = {
			isa = PBXContainerItemProxy;
			containerPortal = EA56C0521B42E1140076EC00 /* Project object */;
			proxyType = 1;
			remoteGlobalIDString = EA56C0B61B42F1740076EC00;
			remoteInfo = MyEmojiKeyboard;
		};
/* End PBXContainerItemProxy section */

/* Begin PBXCopyFilesBuildPhase section */
		EA56C0941B42E1670076EC00 /* Embed App Extensions */ = {
			isa = PBXCopyFilesBuildPhase;
			buildActionMask = 2147483647;
			dstPath = "";
			dstSubfolderSpec = 13;
			files = (
				EA56C0C01B42F1740076EC00 /* MyEmojiKeyboard.appex in Embed App Extensions */,
				EA56C0901B42E1670076EC00 /* MyKeyboard.appex in Embed App Extensions */,
			);
			name = "Embed App Extensions";
			runOnlyForDeploymentPostprocessing = 0;
		};
/* End PBXCopyFilesBuildPhase section */

/* Begin PBXFileReference section */
		BEF0642BFB2F6B36868DD497 /* Defines.h */ = {isa = PBXFileReference; fileEncoding = 4; lastKnownFileType = sourcecode.c.h; path = Defines.h; sourceTree = "<group>"; };
		BEF06549AF4314DF3E4F4284 /* LWBaseKBBtn.m */ = {isa = PBXFileReference; fileEncoding = 4; lastKnownFileType = sourcecode.c.objc; path = LWBaseKBBtn.m; sourceTree = "<group>"; };
		BEF06610E5C29E6082948E95 /* LWBaseKeyboard.m */ = {isa = PBXFileReference; fileEncoding = 4; lastKnownFileType = sourcecode.c.objc; path = LWBaseKeyboard.m; sourceTree = "<group>"; };
		BEF06779280E30F7628A2474 /* LWHelper.m */ = {isa = PBXFileReference; fileEncoding = 4; lastKnownFileType = sourcecode.c.objc; path = LWHelper.m; sourceTree = "<group>"; };
		BEF0679C79D49F1625F5CD25 /* LWBaseKBBtn.h */ = {isa = PBXFileReference; fileEncoding = 4; lastKnownFileType = sourcecode.c.h; path = LWBaseKBBtn.h; sourceTree = "<group>"; };
		BEF0684133F3FE4B216BCEAB /* LWCharKBBtn.h */ = {isa = PBXFileReference; fileEncoding = 4; lastKnownFileType = sourcecode.c.h; path = LWCharKBBtn.h; sourceTree = "<group>"; };
		BEF068700E3B18B5F9C80A66 /* LWKeyKBBtn.m */ = {isa = PBXFileReference; fileEncoding = 4; lastKnownFileType = sourcecode.c.objc; path = LWKeyKBBtn.m; sourceTree = "<group>"; };
		BEF068E22F3B59EE7A8CCD18 /* LWHelper.h */ = {isa = PBXFileReference; fileEncoding = 4; lastKnownFileType = sourcecode.c.h; path = LWHelper.h; sourceTree = "<group>"; };
		BEF06B7D461D112027F7EED7 /* LWBaseKeyboard.h */ = {isa = PBXFileReference; fileEncoding = 4; lastKnownFileType = sourcecode.c.h; path = LWBaseKeyboard.h; sourceTree = "<group>"; };
		BEF06BEBA65AC6FEBCEEFF1F /* LWKeyboardConfig.h */ = {isa = PBXFileReference; fileEncoding = 4; lastKnownFileType = sourcecode.c.h; path = LWKeyboardConfig.h; sourceTree = "<group>"; };
		BEF06C2913B1D37966CFAD2E /* README.md */ = {isa = PBXFileReference; lastKnownFileType = file.md; path = README.md; sourceTree = "<group>"; };
		BEF06E888D0180F5B2E41D1A /* doc */ = {isa = PBXFileReference; fileEncoding = 4; lastKnownFileType = folder; path = doc; sourceTree = "<group>"; };
		BEF06E9EEE76F27FEC5567DA /* LWKeyboardConfig.m */ = {isa = PBXFileReference; fileEncoding = 4; lastKnownFileType = sourcecode.c.objc; path = LWKeyboardConfig.m; sourceTree = "<group>"; };
		BEF06EF726C48C6B56EF035C /* LWCharKBBtn.m */ = {isa = PBXFileReference; fileEncoding = 4; lastKnownFileType = sourcecode.c.objc; path = LWCharKBBtn.m; sourceTree = "<group>"; };
		BEF06F017DB5A1DB2B86E831 /* LWKeyKBBtn.h */ = {isa = PBXFileReference; fileEncoding = 4; lastKnownFileType = sourcecode.c.h; path = LWKeyKBBtn.h; sourceTree = "<group>"; };
		EA3E22F41B72F01700349A95 /* en */ = {isa = PBXFileReference; lastKnownFileType = text.plist.strings; name = en; path = en.lproj/LWFullKeyboard.strings; sourceTree = "<group>"; };
		EA56C05A1B42E1140076EC00 /* MyInputMethod.app */ = {isa = PBXFileReference; explicitFileType = wrapper.application; includeInIndex = 0; path = MyInputMethod.app; sourceTree = BUILT_PRODUCTS_DIR; };
		EA56C05E1B42E1140076EC00 /* Info.plist */ = {isa = PBXFileReference; lastKnownFileType = text.plist.xml; path = Info.plist; sourceTree = "<group>"; };
		EA56C05F1B42E1140076EC00 /* main.m */ = {isa = PBXFileReference; lastKnownFileType = sourcecode.c.objc; path = main.m; sourceTree = "<group>"; };
		EA56C0611B42E1140076EC00 /* AppDelegate.h */ = {isa = PBXFileReference; lastKnownFileType = sourcecode.c.h; path = AppDelegate.h; sourceTree = "<group>"; };
		EA56C0621B42E1140076EC00 /* AppDelegate.m */ = {isa = PBXFileReference; lastKnownFileType = sourcecode.c.objc; path = AppDelegate.m; sourceTree = "<group>"; };
		EA56C0641B42E1140076EC00 /* ViewController.h */ = {isa = PBXFileReference; lastKnownFileType = sourcecode.c.h; path = ViewController.h; sourceTree = "<group>"; };
		EA56C0651B42E1140076EC00 /* ViewController.m */ = {isa = PBXFileReference; lastKnownFileType = sourcecode.c.objc; path = ViewController.m; sourceTree = "<group>"; };
		EA56C0681B42E1140076EC00 /* Base */ = {isa = PBXFileReference; lastKnownFileType = file.storyboard; name = Base; path = Base.lproj/Main.storyboard; sourceTree = "<group>"; };
		EA56C06A1B42E1140076EC00 /* Images.xcassets */ = {isa = PBXFileReference; lastKnownFileType = folder.assetcatalog; path = Images.xcassets; sourceTree = "<group>"; };
		EA56C06D1B42E1140076EC00 /* Base */ = {isa = PBXFileReference; lastKnownFileType = file.xib; name = Base; path = Base.lproj/LaunchScreen.xib; sourceTree = "<group>"; };
		EA56C0731B42E1140076EC00 /* MyInputMethodTests.xctest */ = {isa = PBXFileReference; explicitFileType = wrapper.cfbundle; includeInIndex = 0; path = MyInputMethodTests.xctest; sourceTree = BUILT_PRODUCTS_DIR; };
		EA56C0781B42E1140076EC00 /* Info.plist */ = {isa = PBXFileReference; lastKnownFileType = text.plist.xml; path = Info.plist; sourceTree = "<group>"; };
		EA56C0791B42E1140076EC00 /* MyInputMethodTests.m */ = {isa = PBXFileReference; lastKnownFileType = sourcecode.c.objc; path = MyInputMethodTests.m; sourceTree = "<group>"; };
		EA56C0871B42E1670076EC00 /* MyKeyboard.appex */ = {isa = PBXFileReference; explicitFileType = "wrapper.app-extension"; includeInIndex = 0; path = MyKeyboard.appex; sourceTree = BUILT_PRODUCTS_DIR; };
		EA56C08A1B42E1670076EC00 /* Info.plist */ = {isa = PBXFileReference; lastKnownFileType = text.plist.xml; path = Info.plist; sourceTree = "<group>"; };
		EA56C08B1B42E1670076EC00 /* MyKeyboardViewController.h */ = {isa = PBXFileReference; lastKnownFileType = sourcecode.c.h; path = MyKeyboardViewController.h; sourceTree = "<group>"; };
		EA56C08C1B42E1670076EC00 /* MyKeyboardViewController.m */ = {isa = PBXFileReference; lastKnownFileType = sourcecode.c.objc; path = MyKeyboardViewController.m; sourceTree = "<group>"; };
		EA56C0951B42E1AF0076EC00 /* MyKeyboard.entitlements */ = {isa = PBXFileReference; lastKnownFileType = text.xml; path = MyKeyboard.entitlements; sourceTree = "<group>"; };
		EA56C0961B42E20F0076EC00 /* MyInputMethod.entitlements */ = {isa = PBXFileReference; lastKnownFileType = text.xml; path = MyInputMethod.entitlements; sourceTree = "<group>"; };
		EA56C0A01B42E3ED0076EC00 /* en */ = {isa = PBXFileReference; lastKnownFileType = text.plist.strings; name = en; path = en.lproj/Main.strings; sourceTree = "<group>"; };
		EA56C0A21B42E3F80076EC00 /* en */ = {isa = PBXFileReference; lastKnownFileType = text.plist.strings; name = en; path = en.lproj/LaunchScreen.strings; sourceTree = "<group>"; };
		EA56C0A41B42E4110076EC00 /* Base */ = {isa = PBXFileReference; lastKnownFileType = text.plist.strings; name = Base; path = Base.lproj/InfoPlist.strings; sourceTree = "<group>"; };
		EA56C0A61B42E4150076EC00 /* en */ = {isa = PBXFileReference; lastKnownFileType = text.plist.strings; name = en; path = en.lproj/InfoPlist.strings; sourceTree = "<group>"; };
		EA56C0A81B42E4190076EC00 /* Base */ = {isa = PBXFileReference; lastKnownFileType = text.plist.strings; name = Base; path = Base.lproj/Localizable.strings; sourceTree = "<group>"; };
		EA56C0AA1B42E41A0076EC00 /* en */ = {isa = PBXFileReference; lastKnownFileType = text.plist.strings; name = en; path = en.lproj/Localizable.strings; sourceTree = "<group>"; };
		EA56C0AC1B42E42A0076EC00 /* Base */ = {isa = PBXFileReference; lastKnownFileType = text.plist.strings; name = Base; path = Base.lproj/InfoPlist.strings; sourceTree = "<group>"; };
		EA56C0AF1B42E4300076EC00 /* Base */ = {isa = PBXFileReference; lastKnownFileType = text.plist.strings; name = Base; path = Base.lproj/Localizable.strings; sourceTree = "<group>"; };
		EA56C0B11B42E4330076EC00 /* en */ = {isa = PBXFileReference; lastKnownFileType = text.plist.strings; name = en; path = en.lproj/Localizable.strings; sourceTree = "<group>"; };
		EA56C0B21B42E4370076EC00 /* en */ = {isa = PBXFileReference; lastKnownFileType = text.plist.strings; name = en; path = en.lproj/InfoPlist.strings; sourceTree = "<group>"; };
		EA56C0B71B42F1740076EC00 /* MyEmojiKeyboard.appex */ = {isa = PBXFileReference; explicitFileType = "wrapper.app-extension"; includeInIndex = 0; path = MyEmojiKeyboard.appex; sourceTree = BUILT_PRODUCTS_DIR; };
		EA56C0BA1B42F1740076EC00 /* Info.plist */ = {isa = PBXFileReference; lastKnownFileType = text.plist.xml; path = Info.plist; sourceTree = "<group>"; };
		EA56C0BB1B42F1740076EC00 /* EmojiKeyboardViewController.h */ = {isa = PBXFileReference; lastKnownFileType = sourcecode.c.h; path = EmojiKeyboardViewController.h; sourceTree = "<group>"; };
		EA56C0BC1B42F1740076EC00 /* EmojiKeyboardViewController.m */ = {isa = PBXFileReference; lastKnownFileType = sourcecode.c.objc; path = EmojiKeyboardViewController.m; sourceTree = "<group>"; };
		EA56C0C91B42F1F00076EC00 /* Base */ = {isa = PBXFileReference; lastKnownFileType = text.plist.strings; name = Base; path = Base.lproj/InfoPlist.strings; sourceTree = "<group>"; };
		EA56C0CB1B42F1F20076EC00 /* en */ = {isa = PBXFileReference; lastKnownFileType = text.plist.strings; name = en; path = en.lproj/InfoPlist.strings; sourceTree = "<group>"; };
		EA56C0CD1B42F1F60076EC00 /* Base */ = {isa = PBXFileReference; lastKnownFileType = text.plist.strings; name = Base; path = Base.lproj/Localizable.strings; sourceTree = "<group>"; };
		EA56C0CF1B42F1F70076EC00 /* en */ = {isa = PBXFileReference; lastKnownFileType = text.plist.strings; name = en; path = en.lproj/Localizable.strings; sourceTree = "<group>"; };
		EA56C0D01B42F2480076EC00 /* MyEmojiKeyboard.entitlements */ = {isa = PBXFileReference; lastKnownFileType = text.xml; path = MyEmojiKeyboard.entitlements; sourceTree = "<group>"; };
		EA57CF111B4BC4B100E658E7 /* BubbleTheme.png */ = {isa = PBXFileReference; lastKnownFileType = image.png; path = BubbleTheme.png; sourceTree = "<group>"; };
		EA57CF141B4BC4CE00E658E7 /* BubbleTheme.plist */ = {isa = PBXFileReference; fileEncoding = 4; lastKnownFileType = text.plist.xml; path = BubbleTheme.plist; sourceTree = "<group>"; };
		EA57CF171B4BC4D900E658E7 /* MachineTheme.png */ = {isa = PBXFileReference; lastKnownFileType = image.png; path = MachineTheme.png; sourceTree = "<group>"; };
		EA57CF1A1B4BC4EB00E658E7 /* MachineTheme.plist */ = {isa = PBXFileReference; fileEncoding = 4; lastKnownFileType = text.plist.xml; path = MachineTheme.plist; sourceTree = "<group>"; };
		EA57CF1D1B4BC4F700E658E7 /* DishuTheme.png */ = {isa = PBXFileReference; lastKnownFileType = image.png; path = DishuTheme.png; sourceTree = "<group>"; };
		EA57CF201B4BC50900E658E7 /* DishuTheme.plist */ = {isa = PBXFileReference; fileEncoding = 4; lastKnownFileType = text.plist.xml; path = DishuTheme.plist; sourceTree = "<group>"; };
		EABF4BC81B42FFBE00918AE1 /* LWFullKeyboard.h */ = {isa = PBXFileReference; fileEncoding = 4; lastKnownFileType = sourcecode.c.h; path = LWFullKeyboard.h; sourceTree = "<group>"; };
		EABF4BC91B42FFBE00918AE1 /* LWFullKeyboard.m */ = {isa = PBXFileReference; fileEncoding = 4; lastKnownFileType = sourcecode.c.objc; path = LWFullKeyboard.m; sourceTree = "<group>"; };
		EABF4BCE1B43015300918AE1 /* Base */ = {isa = PBXFileReference; lastKnownFileType = file.string; name = Base; path = Base.lproj/LWFullKeyboard.xib; sourceTree = "<group>"; };
		EAE29B121B4A48770051FF98 /* LWKBToolbar.h */ = {isa = PBXFileReference; fileEncoding = 4; lastKnownFileType = sourcecode.c.h; path = LWKBToolbar.h; sourceTree = "<group>"; };
		EAE29B131B4A48770051FF98 /* LWKBToolbar.m */ = {isa = PBXFileReference; fileEncoding = 4; lastKnownFileType = sourcecode.c.objc; path = LWKBToolbar.m; sourceTree = "<group>"; };
		EAFB53831B46A1700076DAA7 /* Images.xcassets */ = {isa = PBXFileReference; lastKnownFileType = folder.assetcatalog; path = Images.xcassets; sourceTree = "<group>"; };
/* End PBXFileReference section */

/* Begin PBXFrameworksBuildPhase section */
		EA56C0571B42E1140076EC00 /* Frameworks */ = {
			isa = PBXFrameworksBuildPhase;
			buildActionMask = 2147483647;
			files = (
			);
			runOnlyForDeploymentPostprocessing = 0;
		};
		EA56C0701B42E1140076EC00 /* Frameworks */ = {
			isa = PBXFrameworksBuildPhase;
			buildActionMask = 2147483647;
			files = (
			);
			runOnlyForDeploymentPostprocessing = 0;
		};
		EA56C0841B42E1670076EC00 /* Frameworks */ = {
			isa = PBXFrameworksBuildPhase;
			buildActionMask = 2147483647;
			files = (
			);
			runOnlyForDeploymentPostprocessing = 0;
		};
		EA56C0B41B42F1740076EC00 /* Frameworks */ = {
			isa = PBXFrameworksBuildPhase;
			buildActionMask = 2147483647;
			files = (
			);
			runOnlyForDeploymentPostprocessing = 0;
		};
/* End PBXFrameworksBuildPhase section */

/* Begin PBXGroup section */
		BEF0619E6600B0A7E5B8C418 /* Common */ = {
			isa = PBXGroup;
			children = (
				BEF06E9EEE76F27FEC5567DA /* LWKeyboardConfig.m */,
				BEF06BEBA65AC6FEBCEEFF1F /* LWKeyboardConfig.h */,
				BEF0642BFB2F6B36868DD497 /* Defines.h */,
				BEF06779280E30F7628A2474 /* LWHelper.m */,
				BEF068E22F3B59EE7A8CCD18 /* LWHelper.h */,
			);
			path = Common;
			sourceTree = "<group>";
		};
		BEF0656EBCD36EB5E1859C96 /* Resource */ = {
			isa = PBXGroup;
			children = (
				EA57CEEF1B4B7A4300E658E7 /* DishuTheme */,
				BEF0672AF363AECBC7388E07 /* BubbleTheme */,
				BEF06F6B02870CBF4AF535F2 /* MachineTheme */,
			);
			path = Resource;
			sourceTree = "<group>";
		};
		BEF0660F38ACD9F151D4FA28 /* CustomView */ = {
			isa = PBXGroup;
			children = (
				BEF0679C79D49F1625F5CD25 /* LWBaseKBBtn.h */,
				BEF06549AF4314DF3E4F4284 /* LWBaseKBBtn.m */,
				BEF0684133F3FE4B216BCEAB /* LWCharKBBtn.h */,
				BEF06EF726C48C6B56EF035C /* LWCharKBBtn.m */,
				BEF06F017DB5A1DB2B86E831 /* LWKeyKBBtn.h */,
				BEF068700E3B18B5F9C80A66 /* LWKeyKBBtn.m */,
				EAE29B121B4A48770051FF98 /* LWKBToolbar.h */,
				EAE29B131B4A48770051FF98 /* LWKBToolbar.m */,
			);
			path = CustomView;
			sourceTree = "<group>";
		};
		BEF06698A96455417C48CF67 /* Keyboard */ = {
			isa = PBXGroup;
			children = (
				BEF06B7D461D112027F7EED7 /* LWBaseKeyboard.h */,
				BEF06610E5C29E6082948E95 /* LWBaseKeyboard.m */,
				EABF4BC81B42FFBE00918AE1 /* LWFullKeyboard.h */,
				EABF4BC91B42FFBE00918AE1 /* LWFullKeyboard.m */,
				EABF4BCF1B43015300918AE1 /* LWFullKeyboard.xib */,
			);
			path = Keyboard;
			sourceTree = "<group>";
		};
		BEF0672AF363AECBC7388E07 /* BubbleTheme */ = {
			isa = PBXGroup;
			children = (
				EA57CF141B4BC4CE00E658E7 /* BubbleTheme.plist */,
				EA57CF111B4BC4B100E658E7 /* BubbleTheme.png */,
			);
			path = BubbleTheme;
			sourceTree = "<group>";
		};
		BEF06F6B02870CBF4AF535F2 /* MachineTheme */ = {
			isa = PBXGroup;
			children = (
				EA57CF1A1B4BC4EB00E658E7 /* MachineTheme.plist */,
				EA57CF171B4BC4D900E658E7 /* MachineTheme.png */,
			);
			path = MachineTheme;
			sourceTree = "<group>";
		};
		EA56C0511B42E1140076EC00 = {
			isa = PBXGroup;
			children = (
				EA56C05C1B42E1140076EC00 /* MyInputMethod */,
				EA56C0761B42E1140076EC00 /* MyInputMethodTests */,
				EA56C0881B42E1670076EC00 /* MyKeyboard */,
				EA56C0B81B42F1740076EC00 /* MyEmojiKeyboard */,
				EA56C05B1B42E1140076EC00 /* Products */,
				BEF06C2913B1D37966CFAD2E /* README.md */,
				BEF06E888D0180F5B2E41D1A /* doc */,
			);
			sourceTree = "<group>";
		};
		EA56C05B1B42E1140076EC00 /* Products */ = {
			isa = PBXGroup;
			children = (
				EA56C05A1B42E1140076EC00 /* MyInputMethod.app */,
				EA56C0731B42E1140076EC00 /* MyInputMethodTests.xctest */,
				EA56C0871B42E1670076EC00 /* MyKeyboard.appex */,
				EA56C0B71B42F1740076EC00 /* MyEmojiKeyboard.appex */,
			);
			name = Products;
			sourceTree = "<group>";
		};
		EA56C05C1B42E1140076EC00 /* MyInputMethod */ = {
			isa = PBXGroup;
			children = (
				EA56C0961B42E20F0076EC00 /* MyInputMethod.entitlements */,
				EA56C0611B42E1140076EC00 /* AppDelegate.h */,
				EA56C0621B42E1140076EC00 /* AppDelegate.m */,
				EA56C0641B42E1140076EC00 /* ViewController.h */,
				EA56C0651B42E1140076EC00 /* ViewController.m */,
				EA56C0671B42E1140076EC00 /* Main.storyboard */,
				EA56C06A1B42E1140076EC00 /* Images.xcassets */,
				EA56C06C1B42E1140076EC00 /* LaunchScreen.xib */,
				EA56C05D1B42E1140076EC00 /* Supporting Files */,
			);
			path = MyInputMethod;
			sourceTree = "<group>";
		};
		EA56C05D1B42E1140076EC00 /* Supporting Files */ = {
			isa = PBXGroup;
			children = (
				EA56C05E1B42E1140076EC00 /* Info.plist */,
				EA56C05F1B42E1140076EC00 /* main.m */,
				EA56C0A51B42E4110076EC00 /* InfoPlist.strings */,
				EA56C0A91B42E4190076EC00 /* Localizable.strings */,
			);
			name = "Supporting Files";
			sourceTree = "<group>";
		};
		EA56C0761B42E1140076EC00 /* MyInputMethodTests */ = {
			isa = PBXGroup;
			children = (
				EA56C0791B42E1140076EC00 /* MyInputMethodTests.m */,
				EA56C0771B42E1140076EC00 /* Supporting Files */,
			);
			path = MyInputMethodTests;
			sourceTree = "<group>";
		};
		EA56C0771B42E1140076EC00 /* Supporting Files */ = {
			isa = PBXGroup;
			children = (
				EA56C0781B42E1140076EC00 /* Info.plist */,
			);
			name = "Supporting Files";
			sourceTree = "<group>";
		};
		EA56C0881B42E1670076EC00 /* MyKeyboard */ = {
			isa = PBXGroup;
			children = (
				EA56C0951B42E1AF0076EC00 /* MyKeyboard.entitlements */,
				EA56C08B1B42E1670076EC00 /* MyKeyboardViewController.h */,
				EA56C08C1B42E1670076EC00 /* MyKeyboardViewController.m */,
				EAFB53831B46A1700076DAA7 /* Images.xcassets */,
				EA56C0891B42E1670076EC00 /* Supporting Files */,
				BEF06698A96455417C48CF67 /* Keyboard */,
				BEF0660F38ACD9F151D4FA28 /* CustomView */,
				BEF0619E6600B0A7E5B8C418 /* Common */,
				BEF0656EBCD36EB5E1859C96 /* Resource */,
			);
			path = MyKeyboard;
			sourceTree = "<group>";
		};
		EA56C0891B42E1670076EC00 /* Supporting Files */ = {
			isa = PBXGroup;
			children = (
				EA56C08A1B42E1670076EC00 /* Info.plist */,
				EA56C0AD1B42E42A0076EC00 /* InfoPlist.strings */,
				EA56C0B01B42E4300076EC00 /* Localizable.strings */,
			);
			name = "Supporting Files";
			sourceTree = "<group>";
		};
		EA56C0B81B42F1740076EC00 /* MyEmojiKeyboard */ = {
			isa = PBXGroup;
			children = (
				EA56C0D01B42F2480076EC00 /* MyEmojiKeyboard.entitlements */,
				EA56C0BB1B42F1740076EC00 /* EmojiKeyboardViewController.h */,
				EA56C0BC1B42F1740076EC00 /* EmojiKeyboardViewController.m */,
				EA56C0B91B42F1740076EC00 /* Supporting Files */,
			);
			path = MyEmojiKeyboard;
			sourceTree = "<group>";
		};
		EA56C0B91B42F1740076EC00 /* Supporting Files */ = {
			isa = PBXGroup;
			children = (
				EA56C0BA1B42F1740076EC00 /* Info.plist */,
				EA56C0CA1B42F1F00076EC00 /* InfoPlist.strings */,
				EA56C0CE1B42F1F60076EC00 /* Localizable.strings */,
			);
			name = "Supporting Files";
			sourceTree = "<group>";
		};
		EA57CEEF1B4B7A4300E658E7 /* DishuTheme */ = {
			isa = PBXGroup;
			children = (
				EA57CF201B4BC50900E658E7 /* DishuTheme.plist */,
				EA57CF1D1B4BC4F700E658E7 /* DishuTheme.png */,
			);
			name = DishuTheme;
			sourceTree = "<group>";
		};
/* End PBXGroup section */

/* Begin PBXNativeTarget section */
		EA56C0591B42E1140076EC00 /* MyInputMethod */ = {
			isa = PBXNativeTarget;
			buildConfigurationList = EA56C07D1B42E1140076EC00 /* Build configuration list for PBXNativeTarget "MyInputMethod" */;
			buildPhases = (
				EA56C0561B42E1140076EC00 /* Sources */,
				EA56C0571B42E1140076EC00 /* Frameworks */,
				EA56C0581B42E1140076EC00 /* Resources */,
				EA56C0941B42E1670076EC00 /* Embed App Extensions */,
			);
			buildRules = (
			);
			dependencies = (
				EA56C08F1B42E1670076EC00 /* PBXTargetDependency */,
				EA56C0BF1B42F1740076EC00 /* PBXTargetDependency */,
			);
			name = MyInputMethod;
			productName = MyInputMethod;
			productReference = EA56C05A1B42E1140076EC00 /* MyInputMethod.app */;
			productType = "com.apple.product-type.application";
		};
		EA56C0721B42E1140076EC00 /* MyInputMethodTests */ = {
			isa = PBXNativeTarget;
			buildConfigurationList = EA56C0801B42E1140076EC00 /* Build configuration list for PBXNativeTarget "MyInputMethodTests" */;
			buildPhases = (
				EA56C06F1B42E1140076EC00 /* Sources */,
				EA56C0701B42E1140076EC00 /* Frameworks */,
				EA56C0711B42E1140076EC00 /* Resources */,
			);
			buildRules = (
			);
			dependencies = (
				EA56C0751B42E1140076EC00 /* PBXTargetDependency */,
			);
			name = MyInputMethodTests;
			productName = MyInputMethodTests;
			productReference = EA56C0731B42E1140076EC00 /* MyInputMethodTests.xctest */;
			productType = "com.apple.product-type.bundle.unit-test";
		};
		EA56C0861B42E1670076EC00 /* MyKeyboard */ = {
			isa = PBXNativeTarget;
			buildConfigurationList = EA56C0911B42E1670076EC00 /* Build configuration list for PBXNativeTarget "MyKeyboard" */;
			buildPhases = (
				EA56C0831B42E1670076EC00 /* Sources */,
				EA56C0841B42E1670076EC00 /* Frameworks */,
				EA56C0851B42E1670076EC00 /* Resources */,
			);
			buildRules = (
			);
			dependencies = (
			);
			name = MyKeyboard;
			productName = MyKeyboard;
			productReference = EA56C0871B42E1670076EC00 /* MyKeyboard.appex */;
			productType = "com.apple.product-type.app-extension";
		};
		EA56C0B61B42F1740076EC00 /* MyEmojiKeyboard */ = {
			isa = PBXNativeTarget;
			buildConfigurationList = EA56C0C11B42F1740076EC00 /* Build configuration list for PBXNativeTarget "MyEmojiKeyboard" */;
			buildPhases = (
				EA56C0B31B42F1740076EC00 /* Sources */,
				EA56C0B41B42F1740076EC00 /* Frameworks */,
				EA56C0B51B42F1740076EC00 /* Resources */,
			);
			buildRules = (
			);
			dependencies = (
			);
			name = MyEmojiKeyboard;
			productName = MyEmojiKeyboard;
			productReference = EA56C0B71B42F1740076EC00 /* MyEmojiKeyboard.appex */;
			productType = "com.apple.product-type.app-extension";
		};
/* End PBXNativeTarget section */

/* Begin PBXProject section */
		EA56C0521B42E1140076EC00 /* Project object */ = {
			isa = PBXProject;
			attributes = {
				LastUpgradeCheck = 0630;
				ORGANIZATIONNAME = luowei;
				TargetAttributes = {
					EA56C0591B42E1140076EC00 = {
						CreatedOnToolsVersion = 6.3;
						DevelopmentTeam = G3A2KYKYBU;
						SystemCapabilities = {
							com.apple.ApplicationGroups.iOS = {
								enabled = 1;
							};
							com.apple.iCloud = {
								enabled = 0;
							};
						};
					};
					EA56C0721B42E1140076EC00 = {
						CreatedOnToolsVersion = 6.3;
						TestTargetID = EA56C0591B42E1140076EC00;
					};
					EA56C0861B42E1670076EC00 = {
						CreatedOnToolsVersion = 6.3;
						DevelopmentTeam = G3A2KYKYBU;
						SystemCapabilities = {
							com.apple.ApplicationGroups.iOS = {
								enabled = 1;
							};
						};
					};
					EA56C0B61B42F1740076EC00 = {
						CreatedOnToolsVersion = 6.3;
						DevelopmentTeam = G3A2KYKYBU;
						SystemCapabilities = {
							com.apple.ApplicationGroups.iOS = {
								enabled = 1;
							};
						};
					};
				};
			};
			buildConfigurationList = EA56C0551B42E1140076EC00 /* Build configuration list for PBXProject "MyInputMethod" */;
			compatibilityVersion = "Xcode 3.2";
			developmentRegion = English;
			hasScannedForEncodings = 0;
			knownRegions = (
				en,
				Base,
			);
			mainGroup = EA56C0511B42E1140076EC00;
			productRefGroup = EA56C05B1B42E1140076EC00 /* Products */;
			projectDirPath = "";
			projectRoot = "";
			targets = (
				EA56C0591B42E1140076EC00 /* MyInputMethod */,
				EA56C0721B42E1140076EC00 /* MyInputMethodTests */,
				EA56C0861B42E1670076EC00 /* MyKeyboard */,
				EA56C0B61B42F1740076EC00 /* MyEmojiKeyboard */,
			);
		};
/* End PBXProject section */

/* Begin PBXResourcesBuildPhase section */
		EA56C0581B42E1140076EC00 /* Resources */ = {
			isa = PBXResourcesBuildPhase;
			buildActionMask = 2147483647;
			files = (
				EA57CF1E1B4BC4F700E658E7 /* DishuTheme.png in Resources */,
				EA57CF1B1B4BC4EB00E658E7 /* MachineTheme.plist in Resources */,
				EA56C0A71B42E4190076EC00 /* Localizable.strings in Resources */,
				EA57CF181B4BC4D900E658E7 /* MachineTheme.png in Resources */,
				EA56C0691B42E1140076EC00 /* Main.storyboard in Resources */,
				EA57CF211B4BC50900E658E7 /* DishuTheme.plist in Resources */,
				EA56C0A31B42E4110076EC00 /* InfoPlist.strings in Resources */,
				EA56C06E1B42E1140076EC00 /* LaunchScreen.xib in Resources */,
				EA57CF121B4BC4B100E658E7 /* BubbleTheme.png in Resources */,
				EA56C06B1B42E1140076EC00 /* Images.xcassets in Resources */,
				EA57CF151B4BC4CE00E658E7 /* BubbleTheme.plist in Resources */,
			);
			runOnlyForDeploymentPostprocessing = 0;
		};
		EA56C0711B42E1140076EC00 /* Resources */ = {
			isa = PBXResourcesBuildPhase;
			buildActionMask = 2147483647;
			files = (
			);
			runOnlyForDeploymentPostprocessing = 0;
		};
		EA56C0851B42E1670076EC00 /* Resources */ = {
			isa = PBXResourcesBuildPhase;
			buildActionMask = 2147483647;
			files = (
				EA57CF221B4BC50900E658E7 /* DishuTheme.plist in Resources */,
				EA57CF131B4BC4B100E658E7 /* BubbleTheme.png in Resources */,
				EA57CF161B4BC4CE00E658E7 /* BubbleTheme.plist in Resources */,
				EA57CF191B4BC4D900E658E7 /* MachineTheme.png in Resources */,
				EA56C0AB1B42E42A0076EC00 /* InfoPlist.strings in Resources */,
				EAFB53841B46A1700076DAA7 /* Images.xcassets in Resources */,
				EABF4BCD1B43015300918AE1 /* LWFullKeyboard.xib in Resources */,
				EA57CF1F1B4BC4F700E658E7 /* DishuTheme.png in Resources */,
				EA57CF1C1B4BC4EB00E658E7 /* MachineTheme.plist in Resources */,
				EA56C0AE1B42E4300076EC00 /* Localizable.strings in Resources */,
			);
			runOnlyForDeploymentPostprocessing = 0;
		};
		EA56C0B51B42F1740076EC00 /* Resources */ = {
			isa = PBXResourcesBuildPhase;
			buildActionMask = 2147483647;
			files = (
				EA56C0C81B42F1F00076EC00 /* InfoPlist.strings in Resources */,
				EA56C0CC1B42F1F60076EC00 /* Localizable.strings in Resources */,
			);
			runOnlyForDeploymentPostprocessing = 0;
		};
/* End PBXResourcesBuildPhase section */

/* Begin PBXSourcesBuildPhase section */
		EA56C0561B42E1140076EC00 /* Sources */ = {
			isa = PBXSourcesBuildPhase;
			buildActionMask = 2147483647;
			files = (
				EA56C0661B42E1140076EC00 /* ViewController.m in Sources */,
				EA56C0631B42E1140076EC00 /* AppDelegate.m in Sources */,
				EA56C0601B42E1140076EC00 /* main.m in Sources */,
				BEF06A2B32C1793DF9B52331 /* LWHelper.m in Sources */,
			);
			runOnlyForDeploymentPostprocessing = 0;
		};
		EA56C06F1B42E1140076EC00 /* Sources */ = {
			isa = PBXSourcesBuildPhase;
			buildActionMask = 2147483647;
			files = (
				EA56C07A1B42E1140076EC00 /* MyInputMethodTests.m in Sources */,
			);
			runOnlyForDeploymentPostprocessing = 0;
		};
		EA56C0831B42E1670076EC00 /* Sources */ = {
			isa = PBXSourcesBuildPhase;
			buildActionMask = 2147483647;
			files = (
				EABF4BCA1B42FFBE00918AE1 /* LWFullKeyboard.m in Sources */,
				EA56C08D1B42E1670076EC00 /* MyKeyboardViewController.m in Sources */,
				BEF0622F4BCDB4DC8FEC575F /* LWBaseKeyboard.m in Sources */,
				BEF0648D569B86A109B153FB /* LWBaseKBBtn.m in Sources */,
				BEF0696049A242C462CCFA37 /* LWKeyboardConfig.m in Sources */,
				BEF069A2AB9991757EFDD99D /* LWCharKBBtn.m in Sources */,
				EAE29B141B4A48770051FF98 /* LWKBToolbar.m in Sources */,
				BEF0670CCDDD21259FA67C09 /* LWKeyKBBtn.m in Sources */,
				BEF068B7C57694B6E02C6D47 /* LWHelper.m in Sources */,
			);
			runOnlyForDeploymentPostprocessing = 0;
		};
		EA56C0B31B42F1740076EC00 /* Sources */ = {
			isa = PBXSourcesBuildPhase;
			buildActionMask = 2147483647;
			files = (
				EA56C0BD1B42F1740076EC00 /* EmojiKeyboardViewController.m in Sources */,
				BEF0634800B82D34169C244D /* LWHelper.m in Sources */,
			);
			runOnlyForDeploymentPostprocessing = 0;
		};
/* End PBXSourcesBuildPhase section */

/* Begin PBXTargetDependency section */
		EA56C0751B42E1140076EC00 /* PBXTargetDependency */ = {
			isa = PBXTargetDependency;
			target = EA56C0591B42E1140076EC00 /* MyInputMethod */;
			targetProxy = EA56C0741B42E1140076EC00 /* PBXContainerItemProxy */;
		};
		EA56C08F1B42E1670076EC00 /* PBXTargetDependency */ = {
			isa = PBXTargetDependency;
			target = EA56C0861B42E1670076EC00 /* MyKeyboard */;
			targetProxy = EA56C08E1B42E1670076EC00 /* PBXContainerItemProxy */;
		};
		EA56C0BF1B42F1740076EC00 /* PBXTargetDependency */ = {
			isa = PBXTargetDependency;
			target = EA56C0B61B42F1740076EC00 /* MyEmojiKeyboard */;
			targetProxy = EA56C0BE1B42F1740076EC00 /* PBXContainerItemProxy */;
		};
/* End PBXTargetDependency section */

/* Begin PBXVariantGroup section */
		EA56C0671B42E1140076EC00 /* Main.storyboard */ = {
			isa = PBXVariantGroup;
			children = (
				EA56C0681B42E1140076EC00 /* Base */,
				EA56C0A01B42E3ED0076EC00 /* en */,
			);
			name = Main.storyboard;
			sourceTree = "<group>";
		};
		EA56C06C1B42E1140076EC00 /* LaunchScreen.xib */ = {
			isa = PBXVariantGroup;
			children = (
				EA56C06D1B42E1140076EC00 /* Base */,
				EA56C0A21B42E3F80076EC00 /* en */,
			);
			name = LaunchScreen.xib;
			sourceTree = "<group>";
		};
		EA56C0A51B42E4110076EC00 /* InfoPlist.strings */ = {
			isa = PBXVariantGroup;
			children = (
				EA56C0A41B42E4110076EC00 /* Base */,
				EA56C0A61B42E4150076EC00 /* en */,
			);
			name = InfoPlist.strings;
			sourceTree = "<group>";
		};
		EA56C0A91B42E4190076EC00 /* Localizable.strings */ = {
			isa = PBXVariantGroup;
			children = (
				EA56C0A81B42E4190076EC00 /* Base */,
				EA56C0AA1B42E41A0076EC00 /* en */,
			);
			name = Localizable.strings;
			sourceTree = "<group>";
		};
		EA56C0AD1B42E42A0076EC00 /* InfoPlist.strings */ = {
			isa = PBXVariantGroup;
			children = (
				EA56C0AC1B42E42A0076EC00 /* Base */,
				EA56C0B21B42E4370076EC00 /* en */,
			);
			name = InfoPlist.strings;
			sourceTree = "<group>";
		};
		EA56C0B01B42E4300076EC00 /* Localizable.strings */ = {
			isa = PBXVariantGroup;
			children = (
				EA56C0AF1B42E4300076EC00 /* Base */,
				EA56C0B11B42E4330076EC00 /* en */,
			);
			name = Localizable.strings;
			sourceTree = "<group>";
		};
		EA56C0CA1B42F1F00076EC00 /* InfoPlist.strings */ = {
			isa = PBXVariantGroup;
			children = (
				EA56C0C91B42F1F00076EC00 /* Base */,
				EA56C0CB1B42F1F20076EC00 /* en */,
			);
			name = InfoPlist.strings;
			sourceTree = "<group>";
		};
		EA56C0CE1B42F1F60076EC00 /* Localizable.strings */ = {
			isa = PBXVariantGroup;
			children = (
				EA56C0CD1B42F1F60076EC00 /* Base */,
				EA56C0CF1B42F1F70076EC00 /* en */,
			);
			name = Localizable.strings;
			sourceTree = "<group>";
		};
		EABF4BCF1B43015300918AE1 /* LWFullKeyboard.xib */ = {
			isa = PBXVariantGroup;
			children = (
				EABF4BCE1B43015300918AE1 /* Base */,
				EA3E22F41B72F01700349A95 /* en */,
			);
			name = LWFullKeyboard.xib;
			sourceTree = "<group>";
		};
/* End PBXVariantGroup section */

/* Begin XCBuildConfiguration section */
		EA56C07B1B42E1140076EC00 /* Debug */ = {
			isa = XCBuildConfiguration;
			buildSettings = {
				ALWAYS_SEARCH_USER_PATHS = NO;
				CLANG_CXX_LANGUAGE_STANDARD = "gnu++0x";
				CLANG_CXX_LIBRARY = "libc++";
				CLANG_ENABLE_MODULES = YES;
				CLANG_ENABLE_OBJC_ARC = YES;
				CLANG_WARN_BOOL_CONVERSION = YES;
				CLANG_WARN_CONSTANT_CONVERSION = YES;
				CLANG_WARN_DIRECT_OBJC_ISA_USAGE = YES_ERROR;
				CLANG_WARN_EMPTY_BODY = YES;
				CLANG_WARN_ENUM_CONVERSION = YES;
				CLANG_WARN_INT_CONVERSION = YES;
				CLANG_WARN_OBJC_ROOT_CLASS = YES_ERROR;
				CLANG_WARN_UNREACHABLE_CODE = YES;
				CLANG_WARN__DUPLICATE_METHOD_MATCH = YES;
				"CODE_SIGN_IDENTITY[sdk=iphoneos*]" = "iPhone Developer";
				COPY_PHASE_STRIP = NO;
				DEBUG_INFORMATION_FORMAT = "dwarf-with-dsym";
				ENABLE_STRICT_OBJC_MSGSEND = YES;
				GCC_C_LANGUAGE_STANDARD = gnu99;
				GCC_DYNAMIC_NO_PIC = NO;
				GCC_NO_COMMON_BLOCKS = YES;
				GCC_OPTIMIZATION_LEVEL = 0;
				GCC_PREPROCESSOR_DEFINITIONS = (
					"DEBUG=1",
					"$(inherited)",
				);
				GCC_SYMBOLS_PRIVATE_EXTERN = NO;
				GCC_WARN_64_TO_32_BIT_CONVERSION = YES;
				GCC_WARN_ABOUT_RETURN_TYPE = YES_ERROR;
				GCC_WARN_UNDECLARED_SELECTOR = YES;
				GCC_WARN_UNINITIALIZED_AUTOS = YES_AGGRESSIVE;
				GCC_WARN_UNUSED_FUNCTION = YES;
				GCC_WARN_UNUSED_VARIABLE = YES;
				IPHONEOS_DEPLOYMENT_TARGET = 8.3;
				MTL_ENABLE_DEBUG_INFO = YES;
				ONLY_ACTIVE_ARCH = YES;
				SDKROOT = iphoneos;
				TARGETED_DEVICE_FAMILY = "1,2";
			};
			name = Debug;
		};
		EA56C07C1B42E1140076EC00 /* Release */ = {
			isa = XCBuildConfiguration;
			buildSettings = {
				ALWAYS_SEARCH_USER_PATHS = NO;
				CLANG_CXX_LANGUAGE_STANDARD = "gnu++0x";
				CLANG_CXX_LIBRARY = "libc++";
				CLANG_ENABLE_MODULES = YES;
				CLANG_ENABLE_OBJC_ARC = YES;
				CLANG_WARN_BOOL_CONVERSION = YES;
				CLANG_WARN_CONSTANT_CONVERSION = YES;
				CLANG_WARN_DIRECT_OBJC_ISA_USAGE = YES_ERROR;
				CLANG_WARN_EMPTY_BODY = YES;
				CLANG_WARN_ENUM_CONVERSION = YES;
				CLANG_WARN_INT_CONVERSION = YES;
				CLANG_WARN_OBJC_ROOT_CLASS = YES_ERROR;
				CLANG_WARN_UNREACHABLE_CODE = YES;
				CLANG_WARN__DUPLICATE_METHOD_MATCH = YES;
				"CODE_SIGN_IDENTITY[sdk=iphoneos*]" = "iPhone Developer";
				COPY_PHASE_STRIP = NO;
				DEBUG_INFORMATION_FORMAT = "dwarf-with-dsym";
				ENABLE_NS_ASSERTIONS = NO;
				ENABLE_STRICT_OBJC_MSGSEND = YES;
				GCC_C_LANGUAGE_STANDARD = gnu99;
				GCC_NO_COMMON_BLOCKS = YES;
				GCC_WARN_64_TO_32_BIT_CONVERSION = YES;
				GCC_WARN_ABOUT_RETURN_TYPE = YES_ERROR;
				GCC_WARN_UNDECLARED_SELECTOR = YES;
				GCC_WARN_UNINITIALIZED_AUTOS = YES_AGGRESSIVE;
				GCC_WARN_UNUSED_FUNCTION = YES;
				GCC_WARN_UNUSED_VARIABLE = YES;
				IPHONEOS_DEPLOYMENT_TARGET = 8.3;
				MTL_ENABLE_DEBUG_INFO = NO;
				SDKROOT = iphoneos;
				TARGETED_DEVICE_FAMILY = "1,2";
				VALIDATE_PRODUCT = YES;
			};
			name = Release;
		};
		EA56C07E1B42E1140076EC00 /* Debug */ = {
			isa = XCBuildConfiguration;
			buildSettings = {
				ASSETCATALOG_COMPILER_APPICON_NAME = AppIcon;
				CODE_SIGN_ENTITLEMENTS = MyInputMethod/MyInputMethod.entitlements;
				CODE_SIGN_IDENTITY = "iPhone Developer";
				"CODE_SIGN_IDENTITY[sdk=iphoneos*]" = "iPhone Developer";
				INFOPLIST_FILE = MyInputMethod/Info.plist;
				IPHONEOS_DEPLOYMENT_TARGET = 8.0;
				LD_RUNPATH_SEARCH_PATHS = "$(inherited) @executable_path/Frameworks";
				PRODUCT_NAME = "$(TARGET_NAME)";
				PROVISIONING_PROFILE = "";
			};
			name = Debug;
		};
		EA56C07F1B42E1140076EC00 /* Release */ = {
			isa = XCBuildConfiguration;
			buildSettings = {
				ASSETCATALOG_COMPILER_APPICON_NAME = AppIcon;
				CODE_SIGN_ENTITLEMENTS = MyInputMethod/MyInputMethod.entitlements;
				CODE_SIGN_IDENTITY = "iPhone Developer";
				"CODE_SIGN_IDENTITY[sdk=iphoneos*]" = "iPhone Developer";
				INFOPLIST_FILE = MyInputMethod/Info.plist;
				IPHONEOS_DEPLOYMENT_TARGET = 8.0;
				LD_RUNPATH_SEARCH_PATHS = "$(inherited) @executable_path/Frameworks";
				PRODUCT_NAME = "$(TARGET_NAME)";
				PROVISIONING_PROFILE = "";
			};
			name = Release;
		};
		EA56C0811B42E1140076EC00 /* Debug */ = {
			isa = XCBuildConfiguration;
			buildSettings = {
				BUNDLE_LOADER = "$(TEST_HOST)";
				FRAMEWORK_SEARCH_PATHS = (
					"$(SDKROOT)/Developer/Library/Frameworks",
					"$(inherited)",
				);
				GCC_PREPROCESSOR_DEFINITIONS = (
					"DEBUG=1",
					"$(inherited)",
				);
				INFOPLIST_FILE = MyInputMethodTests/Info.plist;
				LD_RUNPATH_SEARCH_PATHS = "$(inherited) @executable_path/Frameworks @loader_path/Frameworks";
				PRODUCT_NAME = "$(TARGET_NAME)";
				TEST_HOST = "$(BUILT_PRODUCTS_DIR)/MyInputMethod.app/MyInputMethod";
			};
			name = Debug;
		};
		EA56C0821B42E1140076EC00 /* Release */ = {
			isa = XCBuildConfiguration;
			buildSettings = {
				BUNDLE_LOADER = "$(TEST_HOST)";
				FRAMEWORK_SEARCH_PATHS = (
					"$(SDKROOT)/Developer/Library/Frameworks",
					"$(inherited)",
				);
				INFOPLIST_FILE = MyInputMethodTests/Info.plist;
				LD_RUNPATH_SEARCH_PATHS = "$(inherited) @executable_path/Frameworks @loader_path/Frameworks";
				PRODUCT_NAME = "$(TARGET_NAME)";
				TEST_HOST = "$(BUILT_PRODUCTS_DIR)/MyInputMethod.app/MyInputMethod";
			};
			name = Release;
		};
		EA56C0921B42E1670076EC00 /* Debug */ = {
			isa = XCBuildConfiguration;
			buildSettings = {
				CODE_SIGN_ENTITLEMENTS = MyKeyboard/MyKeyboard.entitlements;
				CODE_SIGN_IDENTITY = "iPhone Developer";
				"CODE_SIGN_IDENTITY[sdk=iphoneos*]" = "iPhone Developer";
				GCC_PREPROCESSOR_DEFINITIONS = (
					"DEBUG=1",
					"$(inherited)",
				);
				INFOPLIST_FILE = MyKeyboard/Info.plist;
				IPHONEOS_DEPLOYMENT_TARGET = 8.0;
				LD_RUNPATH_SEARCH_PATHS = "$(inherited) @executable_path/Frameworks @executable_path/../../Frameworks";
				PRODUCT_NAME = "$(TARGET_NAME)";
				PROVISIONING_PROFILE = "";
				SKIP_INSTALL = YES;
			};
			name = Debug;
		};
		EA56C0931B42E1670076EC00 /* Release */ = {
			isa = XCBuildConfiguration;
			buildSettings = {
				CODE_SIGN_ENTITLEMENTS = MyKeyboard/MyKeyboard.entitlements;
				CODE_SIGN_IDENTITY = "iPhone Developer";
				"CODE_SIGN_IDENTITY[sdk=iphoneos*]" = "iPhone Developer";
				INFOPLIST_FILE = MyKeyboard/Info.plist;
				IPHONEOS_DEPLOYMENT_TARGET = 8.0;
				LD_RUNPATH_SEARCH_PATHS = "$(inherited) @executable_path/Frameworks @executable_path/../../Frameworks";
				PRODUCT_NAME = "$(TARGET_NAME)";
				PROVISIONING_PROFILE = "";
				SKIP_INSTALL = YES;
			};
			name = Release;
		};
		EA56C0C21B42F1740076EC00 /* Debug */ = {
			isa = XCBuildConfiguration;
			buildSettings = {
				CODE_SIGN_ENTITLEMENTS = MyEmojiKeyboard/MyEmojiKeyboard.entitlements;
				CODE_SIGN_IDENTITY = "iPhone Developer";
				"CODE_SIGN_IDENTITY[sdk=iphoneos*]" = "iPhone Developer";
				GCC_PREPROCESSOR_DEFINITIONS = (
					"DEBUG=1",
					"$(inherited)",
				);
				INFOPLIST_FILE = MyEmojiKeyboard/Info.plist;
				LD_RUNPATH_SEARCH_PATHS = "$(inherited) @executable_path/Frameworks @executable_path/../../Frameworks";
				PRODUCT_NAME = "$(TARGET_NAME)";
				PROVISIONING_PROFILE = "";
				SKIP_INSTALL = YES;
			};
			name = Debug;
		};
		EA56C0C31B42F1740076EC00 /* Release */ = {
			isa = XCBuildConfiguration;
			buildSettings = {
				CODE_SIGN_ENTITLEMENTS = MyEmojiKeyboard/MyEmojiKeyboard.entitlements;
				CODE_SIGN_IDENTITY = "iPhone Developer";
				"CODE_SIGN_IDENTITY[sdk=iphoneos*]" = "iPhone Developer";
				INFOPLIST_FILE = MyEmojiKeyboard/Info.plist;
				LD_RUNPATH_SEARCH_PATHS = "$(inherited) @executable_path/Frameworks @executable_path/../../Frameworks";
				PRODUCT_NAME = "$(TARGET_NAME)";
				PROVISIONING_PROFILE = "";
				SKIP_INSTALL = YES;
			};
			name = Release;
		};
/* End XCBuildConfiguration section */

/* Begin XCConfigurationList section */
		EA56C0551B42E1140076EC00 /* Build configuration list for PBXProject "MyInputMethod" */ = {
			isa = XCConfigurationList;
			buildConfigurations = (
				EA56C07B1B42E1140076EC00 /* Debug */,
				EA56C07C1B42E1140076EC00 /* Release */,
			);
			defaultConfigurationIsVisible = 0;
			defaultConfigurationName = Release;
		};
		EA56C07D1B42E1140076EC00 /* Build configuration list for PBXNativeTarget "MyInputMethod" */ = {
			isa = XCConfigurationList;
			buildConfigurations = (
				EA56C07E1B42E1140076EC00 /* Debug */,
				EA56C07F1B42E1140076EC00 /* Release */,
			);
			defaultConfigurationIsVisible = 0;
			defaultConfigurationName = Release;
		};
		EA56C0801B42E1140076EC00 /* Build configuration list for PBXNativeTarget "MyInputMethodTests" */ = {
			isa = XCConfigurationList;
			buildConfigurations = (
				EA56C0811B42E1140076EC00 /* Debug */,
				EA56C0821B42E1140076EC00 /* Release */,
			);
			defaultConfigurationIsVisible = 0;
			defaultConfigurationName = Release;
		};
		EA56C0911B42E1670076EC00 /* Build configuration list for PBXNativeTarget "MyKeyboard" */ = {
			isa = XCConfigurationList;
			buildConfigurations = (
				EA56C0921B42E1670076EC00 /* Debug */,
				EA56C0931B42E1670076EC00 /* Release */,
			);
			defaultConfigurationIsVisible = 0;
			defaultConfigurationName = Release;
		};
		EA56C0C11B42F1740076EC00 /* Build configuration list for PBXNativeTarget "MyEmojiKeyboard" */ = {
			isa = XCConfigurationList;
			buildConfigurations = (
				EA56C0C21B42F1740076EC00 /* Debug */,
				EA56C0C31B42F1740076EC00 /* Release */,
			);
			defaultConfigurationIsVisible = 0;
			defaultConfigurationName = Release;
		};
/* End XCConfigurationList section */
	};
	rootObject = EA56C0521B42E1140076EC00 /* Project object */;
}
